// !$*UTF8*$!
{
	archiveVersion = 1;
	classes = {
	};
	objectVersion = 42;
	objects = {

/* Begin PBXBuildFile section */
		BBAB23CB13894F3D00AA2426 /* GLUT.framework in CopyFiles */ = {isa = PBXBuildFile; fileRef = BBAB23BE13894E4700AA2426 /* GLUT.framework */; };
		E4328149138ABC9F0047C5CB /* openFrameworksDebug.a in Frameworks */ = {isa = PBXBuildFile; fileRef = E4328148138ABC890047C5CB /* openFrameworksDebug.a */; };
		E45BE97B0E8CC7DD009D7055 /* AGL.framework in Frameworks */ = {isa = PBXBuildFile; fileRef = E45BE9710E8CC7DD009D7055 /* AGL.framework */; };
		E45BE97C0E8CC7DD009D7055 /* ApplicationServices.framework in Frameworks */ = {isa = PBXBuildFile; fileRef = E45BE9720E8CC7DD009D7055 /* ApplicationServices.framework */; };
		E45BE97D0E8CC7DD009D7055 /* AudioToolbox.framework in Frameworks */ = {isa = PBXBuildFile; fileRef = E45BE9730E8CC7DD009D7055 /* AudioToolbox.framework */; };
		E45BE97E0E8CC7DD009D7055 /* Carbon.framework in Frameworks */ = {isa = PBXBuildFile; fileRef = E45BE9740E8CC7DD009D7055 /* Carbon.framework */; };
		E45BE97F0E8CC7DD009D7055 /* CoreAudio.framework in Frameworks */ = {isa = PBXBuildFile; fileRef = E45BE9750E8CC7DD009D7055 /* CoreAudio.framework */; };
		E45BE9800E8CC7DD009D7055 /* CoreFoundation.framework in Frameworks */ = {isa = PBXBuildFile; fileRef = E45BE9760E8CC7DD009D7055 /* CoreFoundation.framework */; };
		E45BE9810E8CC7DD009D7055 /* CoreServices.framework in Frameworks */ = {isa = PBXBuildFile; fileRef = E45BE9770E8CC7DD009D7055 /* CoreServices.framework */; };
		E45BE9830E8CC7DD009D7055 /* OpenGL.framework in Frameworks */ = {isa = PBXBuildFile; fileRef = E45BE9790E8CC7DD009D7055 /* OpenGL.framework */; };
		E45BE9840E8CC7DD009D7055 /* QuickTime.framework in Frameworks */ = {isa = PBXBuildFile; fileRef = E45BE97A0E8CC7DD009D7055 /* QuickTime.framework */; };
		E4B69E200A3A1BDC003C02F2 /* main.cpp in Sources */ = {isa = PBXBuildFile; fileRef = E4B69E1D0A3A1BDC003C02F2 /* main.cpp */; };
		E4B69E210A3A1BDC003C02F2 /* testApp.cpp in Sources */ = {isa = PBXBuildFile; fileRef = E4B69E1E0A3A1BDC003C02F2 /* testApp.cpp */; };
		E4C2424710CC5A17004149E2 /* AppKit.framework in Frameworks */ = {isa = PBXBuildFile; fileRef = E4C2424410CC5A17004149E2 /* AppKit.framework */; };
		E4C2424810CC5A17004149E2 /* Cocoa.framework in Frameworks */ = {isa = PBXBuildFile; fileRef = E4C2424510CC5A17004149E2 /* Cocoa.framework */; };
		E4C2424910CC5A17004149E2 /* IOKit.framework in Frameworks */ = {isa = PBXBuildFile; fileRef = E4C2424610CC5A17004149E2 /* IOKit.framework */; };
		E4EB6799138ADC1D00A09F29 /* GLUT.framework in Frameworks */ = {isa = PBXBuildFile; fileRef = BBAB23BE13894E4700AA2426 /* GLUT.framework */; };
		EA8E87B114C492ED00940115 /* cameras.c in Sources */ = {isa = PBXBuildFile; fileRef = EA8E871A14C492ED00940115 /* cameras.c */; };
		EA8E87B214C492ED00940115 /* core.c in Sources */ = {isa = PBXBuildFile; fileRef = EA8E871C14C492ED00940115 /* core.c */; };
		EA8E87B314C492ED00940115 /* freenect.lib in Frameworks */ = {isa = PBXBuildFile; fileRef = EA8E872114C492ED00940115 /* freenect.lib */; };
		EA8E87B414C492ED00940115 /* registration.c in Sources */ = {isa = PBXBuildFile; fileRef = EA8E872514C492ED00940115 /* registration.c */; };
		EA8E87B514C492ED00940115 /* tilt.c in Sources */ = {isa = PBXBuildFile; fileRef = EA8E872714C492ED00940115 /* tilt.c */; };
		EA8E87B614C492ED00940115 /* usb_libusb10.c in Sources */ = {isa = PBXBuildFile; fileRef = EA8E872814C492ED00940115 /* usb_libusb10.c */; };
		EA8E87B714C492ED00940115 /* usb-1.0.a in Frameworks */ = {isa = PBXBuildFile; fileRef = EA8E873014C492ED00940115 /* usb-1.0.a */; };
		EA8E87B814C492EE00940115 /* ofxKinect.cpp in Sources */ = {isa = PBXBuildFile; fileRef = EA8E876514C492ED00940115 /* ofxKinect.cpp */; };
		EA8E87CD14C492EE00940115 /* tinyxml.cpp in Sources */ = {isa = PBXBuildFile; fileRef = EA8E87AA14C492ED00940115 /* tinyxml.cpp */; };
		EA8E87CE14C492EE00940115 /* tinyxmlerror.cpp in Sources */ = {isa = PBXBuildFile; fileRef = EA8E87AC14C492ED00940115 /* tinyxmlerror.cpp */; };
		EA8E87CF14C492EE00940115 /* tinyxmlparser.cpp in Sources */ = {isa = PBXBuildFile; fileRef = EA8E87AD14C492ED00940115 /* tinyxmlparser.cpp */; };
		EA8E87D014C492EE00940115 /* ofxXmlSettings.cpp in Sources */ = {isa = PBXBuildFile; fileRef = EA8E87AF14C492ED00940115 /* ofxXmlSettings.cpp */; };
		EA8E87F314C492F300940115 /* osc.a in Frameworks */ = {isa = PBXBuildFile; fileRef = EA8E87E714C492F300940115 /* osc.a */; };
		EA8E87F414C492F400940115 /* ofxOscBundle.cpp in Sources */ = {isa = PBXBuildFile; fileRef = EA8E87EB14C492F300940115 /* ofxOscBundle.cpp */; };
		EA8E87F514C492F400940115 /* ofxOscMessage.cpp in Sources */ = {isa = PBXBuildFile; fileRef = EA8E87ED14C492F300940115 /* ofxOscMessage.cpp */; };
		EA8E87F614C492F400940115 /* ofxOscReceiver.cpp in Sources */ = {isa = PBXBuildFile; fileRef = EA8E87EF14C492F300940115 /* ofxOscReceiver.cpp */; };
		EA8E87F714C492F400940115 /* ofxOscSender.cpp in Sources */ = {isa = PBXBuildFile; fileRef = EA8E87F114C492F300940115 /* ofxOscSender.cpp */; };
		EA8E886314C4967B00940115 /* opencv.a in Frameworks */ = {isa = PBXBuildFile; fileRef = EA8E884F14C4967B00940115 /* opencv.a */; };
		EA8E886414C4967B00940115 /* ofxCvColorImage.cpp in Sources */ = {isa = PBXBuildFile; fileRef = EA8E885214C4967B00940115 /* ofxCvColorImage.cpp */; };
		EA8E886514C4967B00940115 /* ofxCvContourFinder.cpp in Sources */ = {isa = PBXBuildFile; fileRef = EA8E885514C4967B00940115 /* ofxCvContourFinder.cpp */; };
		EA8E886614C4967B00940115 /* ofxCvFloatImage.cpp in Sources */ = {isa = PBXBuildFile; fileRef = EA8E885714C4967B00940115 /* ofxCvFloatImage.cpp */; };
		EA8E886714C4967B00940115 /* ofxCvGrayscaleImage.cpp in Sources */ = {isa = PBXBuildFile; fileRef = EA8E885914C4967B00940115 /* ofxCvGrayscaleImage.cpp */; };
		EA8E886814C4967B00940115 /* ofxCvHaarFinder.cpp in Sources */ = {isa = PBXBuildFile; fileRef = EA8E885B14C4967B00940115 /* ofxCvHaarFinder.cpp */; };
		EA8E886914C4967B00940115 /* ofxCvImage.cpp in Sources */ = {isa = PBXBuildFile; fileRef = EA8E885D14C4967B00940115 /* ofxCvImage.cpp */; };
		EA8E886A14C4967B00940115 /* ofxCvShortImage.cpp in Sources */ = {isa = PBXBuildFile; fileRef = EA8E886014C4967B00940115 /* ofxCvShortImage.cpp */; };
		EAC8152014D6AF2600595518 /* Container.cpp in Sources */ = {isa = PBXBuildFile; fileRef = EAC8150F14D6AF2600595518 /* Container.cpp */; };
		EAC8152114D6AF2600595518 /* Control.cpp in Sources */ = {isa = PBXBuildFile; fileRef = EAC8151114D6AF2600595518 /* Control.cpp */; };
		EAC8152214D6AF2600595518 /* Controls.cpp in Sources */ = {isa = PBXBuildFile; fileRef = EAC8151314D6AF2600595518 /* Controls.cpp */; };
		EAC8152314D6AF2600595518 /* Gui.cpp in Sources */ = {isa = PBXBuildFile; fileRef = EAC8151514D6AF2600595518 /* Gui.cpp */; };
		EAC8152414D6AF2600595518 /* Instantiator.cpp in Sources */ = {isa = PBXBuildFile; fileRef = EAC8151714D6AF2600595518 /* Instantiator.cpp */; };
		EAC8152514D6AF2600595518 /* ofGuiEventDispatcher.cpp in Sources */ = {isa = PBXBuildFile; fileRef = EAC8151A14D6AF2600595518 /* ofGuiEventDispatcher.cpp */; };
		EAC8152614D6AF2600595518 /* Resources.cpp in Sources */ = {isa = PBXBuildFile; fileRef = EAC8151E14D6AF2600595518 /* Resources.cpp */; };
		EAC8153514D6D82600595518 /* CPUImageFilter.cpp in Sources */ = {isa = PBXBuildFile; fileRef = EAC8152914D6D82600595518 /* CPUImageFilter.cpp */; };
		EAC8153614D6D82600595518 /* ofxCvBlobTracker.cpp in Sources */ = {isa = PBXBuildFile; fileRef = EAC8152B14D6D82600595518 /* ofxCvBlobTracker.cpp */; };
		EAC8153714D6D82600595518 /* ofxCvCoordWarping.cpp in Sources */ = {isa = PBXBuildFile; fileRef = EAC8152E14D6D82600595518 /* ofxCvCoordWarping.cpp */; };
		EAC8153914D6D82600595518 /* ofxCvOpticalFlowLK.cpp in Sources */ = {isa = PBXBuildFile; fileRef = EAC8153214D6D82600595518 /* ofxCvOpticalFlowLK.cpp */; };
/* End PBXBuildFile section */

/* Begin PBXContainerItemProxy section */
		E4328147138ABC890047C5CB /* PBXContainerItemProxy */ = {
			isa = PBXContainerItemProxy;
			containerPortal = E4328143138ABC890047C5CB /* openFrameworksLib.xcodeproj */;
			proxyType = 2;
			remoteGlobalIDString = E4B27C1510CBEB8E00536013;
			remoteInfo = openFrameworks;
		};
		E4EEB9AB138B136A00A80321 /* PBXContainerItemProxy */ = {
			isa = PBXContainerItemProxy;
			containerPortal = E4328143138ABC890047C5CB /* openFrameworksLib.xcodeproj */;
			proxyType = 1;
			remoteGlobalIDString = E4B27C1410CBEB8E00536013;
			remoteInfo = openFrameworks;
		};
/* End PBXContainerItemProxy section */

/* Begin PBXCopyFilesBuildPhase section */
		E4C2427710CC5ABF004149E2 /* CopyFiles */ = {
			isa = PBXCopyFilesBuildPhase;
			buildActionMask = 2147483647;
			dstPath = "";
			dstSubfolderSpec = 10;
			files = (
				BBAB23CB13894F3D00AA2426 /* GLUT.framework in CopyFiles */,
			);
			runOnlyForDeploymentPostprocessing = 0;
		};
/* End PBXCopyFilesBuildPhase section */

/* Begin PBXFileReference section */
		A69C743B14D6470B00C0EABC /* ofModifiers.h */ = {isa = PBXFileReference; fileEncoding = 4; lastKnownFileType = sourcecode.c.h; path = ofModifiers.h; sourceTree = "<group>"; };
		BBAB23BE13894E4700AA2426 /* GLUT.framework */ = {isa = PBXFileReference; lastKnownFileType = wrapper.framework; name = GLUT.framework; path = ../../../libs/glut/lib/osx/GLUT.framework; sourceTree = "<group>"; };
		E4328143138ABC890047C5CB /* openFrameworksLib.xcodeproj */ = {isa = PBXFileReference; lastKnownFileType = "wrapper.pb-project"; name = openFrameworksLib.xcodeproj; path = ../../../libs/openFrameworksCompiled/project/osx/openFrameworksLib.xcodeproj; sourceTree = SOURCE_ROOT; };
		E45BE9710E8CC7DD009D7055 /* AGL.framework */ = {isa = PBXFileReference; lastKnownFileType = wrapper.framework; name = AGL.framework; path = /System/Library/Frameworks/AGL.framework; sourceTree = "<absolute>"; };
		E45BE9720E8CC7DD009D7055 /* ApplicationServices.framework */ = {isa = PBXFileReference; lastKnownFileType = wrapper.framework; name = ApplicationServices.framework; path = /System/Library/Frameworks/ApplicationServices.framework; sourceTree = "<absolute>"; };
		E45BE9730E8CC7DD009D7055 /* AudioToolbox.framework */ = {isa = PBXFileReference; lastKnownFileType = wrapper.framework; name = AudioToolbox.framework; path = /System/Library/Frameworks/AudioToolbox.framework; sourceTree = "<absolute>"; };
		E45BE9740E8CC7DD009D7055 /* Carbon.framework */ = {isa = PBXFileReference; lastKnownFileType = wrapper.framework; name = Carbon.framework; path = /System/Library/Frameworks/Carbon.framework; sourceTree = "<absolute>"; };
		E45BE9750E8CC7DD009D7055 /* CoreAudio.framework */ = {isa = PBXFileReference; lastKnownFileType = wrapper.framework; name = CoreAudio.framework; path = /System/Library/Frameworks/CoreAudio.framework; sourceTree = "<absolute>"; };
		E45BE9760E8CC7DD009D7055 /* CoreFoundation.framework */ = {isa = PBXFileReference; lastKnownFileType = wrapper.framework; name = CoreFoundation.framework; path = /System/Library/Frameworks/CoreFoundation.framework; sourceTree = "<absolute>"; };
		E45BE9770E8CC7DD009D7055 /* CoreServices.framework */ = {isa = PBXFileReference; lastKnownFileType = wrapper.framework; name = CoreServices.framework; path = /System/Library/Frameworks/CoreServices.framework; sourceTree = "<absolute>"; };
		E45BE9790E8CC7DD009D7055 /* OpenGL.framework */ = {isa = PBXFileReference; lastKnownFileType = wrapper.framework; name = OpenGL.framework; path = /System/Library/Frameworks/OpenGL.framework; sourceTree = "<absolute>"; };
		E45BE97A0E8CC7DD009D7055 /* QuickTime.framework */ = {isa = PBXFileReference; lastKnownFileType = wrapper.framework; name = QuickTime.framework; path = /System/Library/Frameworks/QuickTime.framework; sourceTree = "<absolute>"; };
		E4B69B5B0A3A1756003C02F2 /* WailWellDebug.app */ = {isa = PBXFileReference; explicitFileType = wrapper.application; includeInIndex = 0; path = WailWellDebug.app; sourceTree = BUILT_PRODUCTS_DIR; };
		E4B69E1D0A3A1BDC003C02F2 /* main.cpp */ = {isa = PBXFileReference; fileEncoding = 30; lastKnownFileType = sourcecode.cpp.cpp; name = main.cpp; path = src/main.cpp; sourceTree = SOURCE_ROOT; };
		E4B69E1E0A3A1BDC003C02F2 /* testApp.cpp */ = {isa = PBXFileReference; explicitFileType = sourcecode.cpp.cpp; fileEncoding = 30; name = testApp.cpp; path = src/testApp.cpp; sourceTree = SOURCE_ROOT; };
		E4B69E1F0A3A1BDC003C02F2 /* testApp.h */ = {isa = PBXFileReference; fileEncoding = 30; lastKnownFileType = sourcecode.c.h; name = testApp.h; path = src/testApp.h; sourceTree = SOURCE_ROOT; };
		E4B6FCAD0C3E899E008CF71C /* openFrameworks-Info.plist */ = {isa = PBXFileReference; fileEncoding = 30; lastKnownFileType = text.plist.xml; path = "openFrameworks-Info.plist"; sourceTree = "<group>"; };
		E4C2424410CC5A17004149E2 /* AppKit.framework */ = {isa = PBXFileReference; lastKnownFileType = wrapper.framework; name = AppKit.framework; path = /System/Library/Frameworks/AppKit.framework; sourceTree = "<absolute>"; };
		E4C2424510CC5A17004149E2 /* Cocoa.framework */ = {isa = PBXFileReference; lastKnownFileType = wrapper.framework; name = Cocoa.framework; path = /System/Library/Frameworks/Cocoa.framework; sourceTree = "<absolute>"; };
		E4C2424610CC5A17004149E2 /* IOKit.framework */ = {isa = PBXFileReference; lastKnownFileType = wrapper.framework; name = IOKit.framework; path = /System/Library/Frameworks/IOKit.framework; sourceTree = "<absolute>"; };
		E4EB691F138AFCF100A09F29 /* CoreOF.xcconfig */ = {isa = PBXFileReference; fileEncoding = 4; lastKnownFileType = text.xcconfig; name = CoreOF.xcconfig; path = ../../../libs/openFrameworksCompiled/project/osx/CoreOF.xcconfig; sourceTree = SOURCE_ROOT; };
		E4EB6923138AFD0F00A09F29 /* Project.xcconfig */ = {isa = PBXFileReference; fileEncoding = 4; lastKnownFileType = text.xcconfig; path = Project.xcconfig; sourceTree = "<group>"; };
		EA4CBCB314D6AD1500684485 /* SimpleGui.h */ = {isa = PBXFileReference; fileEncoding = 4; lastKnownFileType = sourcecode.c.h; path = SimpleGui.h; sourceTree = "<group>"; };
		EA4CBCB514D6AD1500684485 /* ColorPicker.h */ = {isa = PBXFileReference; fileEncoding = 4; lastKnownFileType = sourcecode.c.h; path = ColorPicker.h; sourceTree = "<group>"; };
		EA4CBCB614D6AD1500684485 /* Contour.h */ = {isa = PBXFileReference; fileEncoding = 4; lastKnownFileType = sourcecode.c.h; path = Contour.h; sourceTree = "<group>"; };
		EA4CBCB714D6AD1500684485 /* DoubleField.h */ = {isa = PBXFileReference; fileEncoding = 4; lastKnownFileType = sourcecode.c.h; path = DoubleField.h; sourceTree = "<group>"; };
		EA4CBCB814D6AD1500684485 /* Drawable.h */ = {isa = PBXFileReference; fileEncoding = 4; lastKnownFileType = sourcecode.c.h; path = Drawable.h; sourceTree = "<group>"; };
		EA4CBCB914D6AD1500684485 /* FileField.h */ = {isa = PBXFileReference; fileEncoding = 4; lastKnownFileType = sourcecode.c.h; path = FileField.h; sourceTree = "<group>"; };
		EA4CBCBA14D6AD1500684485 /* FloatField.h */ = {isa = PBXFileReference; fileEncoding = 4; lastKnownFileType = sourcecode.c.h; path = FloatField.h; sourceTree = "<group>"; };
		EA4CBCBB14D6AD1500684485 /* FPSCounter.h */ = {isa = PBXFileReference; fileEncoding = 4; lastKnownFileType = sourcecode.c.h; path = FPSCounter.h; sourceTree = "<group>"; };
		EA4CBCBC14D6AD1500684485 /* Grid.h */ = {isa = PBXFileReference; fileEncoding = 4; lastKnownFileType = sourcecode.c.h; path = Grid.h; sourceTree = "<group>"; };
		EA4CBCBD14D6AD1500684485 /* IntField.h */ = {isa = PBXFileReference; fileEncoding = 4; lastKnownFileType = sourcecode.c.h; path = IntField.h; sourceTree = "<group>"; };
		EA4CBCBE14D6AD1500684485 /* Keyboard.h */ = {isa = PBXFileReference; fileEncoding = 4; lastKnownFileType = sourcecode.c.h; path = Keyboard.h; sourceTree = "<group>"; };
		EA4CBCBF14D6AD1500684485 /* Knob.h */ = {isa = PBXFileReference; fileEncoding = 4; lastKnownFileType = sourcecode.c.h; path = Knob.h; sourceTree = "<group>"; };
		EA4CBCC014D6AD1500684485 /* LabeledControl.h */ = {isa = PBXFileReference; fileEncoding = 4; lastKnownFileType = sourcecode.c.h; path = LabeledControl.h; sourceTree = "<group>"; };
		EA4CBCC114D6AD1500684485 /* List.h */ = {isa = PBXFileReference; fileEncoding = 4; lastKnownFileType = sourcecode.c.h; path = List.h; sourceTree = "<group>"; };
		EA4CBCC214D6AD1500684485 /* Menu.h */ = {isa = PBXFileReference; fileEncoding = 4; lastKnownFileType = sourcecode.c.h; path = Menu.h; sourceTree = "<group>"; };
		EA4CBCC314D6AD1500684485 /* MenuBar.h */ = {isa = PBXFileReference; fileEncoding = 4; lastKnownFileType = sourcecode.c.h; path = MenuBar.h; sourceTree = "<group>"; };
		EA4CBCC414D6AD1500684485 /* MenuItem.h */ = {isa = PBXFileReference; fileEncoding = 4; lastKnownFileType = sourcecode.c.h; path = MenuItem.h; sourceTree = "<group>"; };
		EA4CBCC514D6AD1500684485 /* Meter.h */ = {isa = PBXFileReference; fileEncoding = 4; lastKnownFileType = sourcecode.c.h; path = Meter.h; sourceTree = "<group>"; };
		EA4CBCC614D6AD1500684485 /* Pane.h */ = {isa = PBXFileReference; fileEncoding = 4; lastKnownFileType = sourcecode.c.h; path = Pane.h; sourceTree = "<group>"; };
		EA4CBCC714D6AD1500684485 /* Panner.h */ = {isa = PBXFileReference; fileEncoding = 4; lastKnownFileType = sourcecode.c.h; path = Panner.h; sourceTree = "<group>"; };
		EA4CBCC814D6AD1500684485 /* PushButton.h */ = {isa = PBXFileReference; fileEncoding = 4; lastKnownFileType = sourcecode.c.h; path = PushButton.h; sourceTree = "<group>"; };
		EA4CBCC914D6AD1500684485 /* SegmentedControl.h */ = {isa = PBXFileReference; fileEncoding = 4; lastKnownFileType = sourcecode.c.h; path = SegmentedControl.h; sourceTree = "<group>"; };
		EA4CBCCA14D6AD1500684485 /* Slider.h */ = {isa = PBXFileReference; fileEncoding = 4; lastKnownFileType = sourcecode.c.h; path = Slider.h; sourceTree = "<group>"; };
		EA4CBCCB14D6AD1500684485 /* Slider2D.h */ = {isa = PBXFileReference; fileEncoding = 4; lastKnownFileType = sourcecode.c.h; path = Slider2D.h; sourceTree = "<group>"; };
		EA4CBCCC14D6AD1500684485 /* Text.h */ = {isa = PBXFileReference; fileEncoding = 4; lastKnownFileType = sourcecode.c.h; path = Text.h; sourceTree = "<group>"; };
		EA4CBCCD14D6AD1500684485 /* TextField.h */ = {isa = PBXFileReference; fileEncoding = 4; lastKnownFileType = sourcecode.c.h; path = TextField.h; sourceTree = "<group>"; };
		EA4CBCCE14D6AD1500684485 /* Title.h */ = {isa = PBXFileReference; fileEncoding = 4; lastKnownFileType = sourcecode.c.h; path = Title.h; sourceTree = "<group>"; };
		EA4CBCCF14D6AD1500684485 /* Toggle.h */ = {isa = PBXFileReference; fileEncoding = 4; lastKnownFileType = sourcecode.c.h; path = Toggle.h; sourceTree = "<group>"; };
		EA4CBCD014D6AD1500684485 /* VU.h */ = {isa = PBXFileReference; fileEncoding = 4; lastKnownFileType = sourcecode.c.h; path = VU.h; sourceTree = "<group>"; };
		EA8E871A14C492ED00940115 /* cameras.c */ = {isa = PBXFileReference; fileEncoding = 4; lastKnownFileType = sourcecode.c.c; path = cameras.c; sourceTree = "<group>"; };
		EA8E871B14C492ED00940115 /* cameras.h */ = {isa = PBXFileReference; fileEncoding = 4; lastKnownFileType = sourcecode.c.h; path = cameras.h; sourceTree = "<group>"; };
		EA8E871C14C492ED00940115 /* core.c */ = {isa = PBXFileReference; fileEncoding = 4; lastKnownFileType = sourcecode.c.c; path = core.c; sourceTree = "<group>"; };
		EA8E871D14C492ED00940115 /* freenect_internal.h */ = {isa = PBXFileReference; fileEncoding = 4; lastKnownFileType = sourcecode.c.h; path = freenect_internal.h; sourceTree = "<group>"; };
		EA8E872014C492ED00940115 /* freenect.dll */ = {isa = PBXFileReference; lastKnownFileType = file; path = freenect.dll; sourceTree = "<group>"; };
		EA8E872114C492ED00940115 /* freenect.lib */ = {isa = PBXFileReference; lastKnownFileType = archive.ar; path = freenect.lib; sourceTree = "<group>"; };
		EA8E872214C492ED00940115 /* libfreenect-registration.h */ = {isa = PBXFileReference; fileEncoding = 4; lastKnownFileType = sourcecode.c.h; path = "libfreenect-registration.h"; sourceTree = "<group>"; };
		EA8E872314C492ED00940115 /* libfreenect.h */ = {isa = PBXFileReference; fileEncoding = 4; lastKnownFileType = sourcecode.c.h; path = libfreenect.h; sourceTree = "<group>"; };
		EA8E872414C492ED00940115 /* libfreenect.pc.in */ = {isa = PBXFileReference; fileEncoding = 4; lastKnownFileType = text; path = libfreenect.pc.in; sourceTree = "<group>"; };
		EA8E872514C492ED00940115 /* registration.c */ = {isa = PBXFileReference; fileEncoding = 4; lastKnownFileType = sourcecode.c.c; path = registration.c; sourceTree = "<group>"; };
		EA8E872614C492ED00940115 /* registration.h */ = {isa = PBXFileReference; fileEncoding = 4; lastKnownFileType = sourcecode.c.h; path = registration.h; sourceTree = "<group>"; };
		EA8E872714C492ED00940115 /* tilt.c */ = {isa = PBXFileReference; fileEncoding = 4; lastKnownFileType = sourcecode.c.c; path = tilt.c; sourceTree = "<group>"; };
		EA8E872814C492ED00940115 /* usb_libusb10.c */ = {isa = PBXFileReference; fileEncoding = 4; lastKnownFileType = sourcecode.c.c; path = usb_libusb10.c; sourceTree = "<group>"; };
		EA8E872914C492ED00940115 /* usb_libusb10.h */ = {isa = PBXFileReference; fileEncoding = 4; lastKnownFileType = sourcecode.c.h; path = usb_libusb10.h; sourceTree = "<group>"; };
		EA8E872E14C492ED00940115 /* libusb.h */ = {isa = PBXFileReference; fileEncoding = 4; lastKnownFileType = sourcecode.c.h; path = libusb.h; sourceTree = "<group>"; };
		EA8E873014C492ED00940115 /* usb-1.0.a */ = {isa = PBXFileReference; lastKnownFileType = archive.ar; path = "usb-1.0.a"; sourceTree = "<group>"; };
		EA8E873514C492ED00940115 /* libusb0.dll */ = {isa = PBXFileReference; lastKnownFileType = file; path = libusb0.dll; sourceTree = "<group>"; };
		EA8E873614C492ED00940115 /* libusb0.sys */ = {isa = PBXFileReference; lastKnownFileType = file; path = libusb0.sys; sourceTree = "<group>"; };
		EA8E873814C492ED00940115 /* libusb0.dll */ = {isa = PBXFileReference; lastKnownFileType = file; path = libusb0.dll; sourceTree = "<group>"; };
		EA8E873914C492ED00940115 /* libusb0.sys */ = {isa = PBXFileReference; lastKnownFileType = file; path = libusb0.sys; sourceTree = "<group>"; };
		EA8E873A14C492ED00940115 /* libusb-win32-bin-README.txt */ = {isa = PBXFileReference; fileEncoding = 4; lastKnownFileType = text; path = "libusb-win32-bin-README.txt"; sourceTree = "<group>"; };
		EA8E873D14C492ED00940115 /* installer_license.txt */ = {isa = PBXFileReference; fileEncoding = 4; lastKnownFileType = text; path = installer_license.txt; sourceTree = "<group>"; };
		EA8E873F14C492ED00940115 /* libusb0.sys */ = {isa = PBXFileReference; lastKnownFileType = file; path = libusb0.sys; sourceTree = "<group>"; };
		EA8E874014C492ED00940115 /* libusb0_x86.dll */ = {isa = PBXFileReference; lastKnownFileType = file; path = libusb0_x86.dll; sourceTree = "<group>"; };
		EA8E874114C492ED00940115 /* Xbox_NUI_Audio.cat */ = {isa = PBXFileReference; lastKnownFileType = file; path = Xbox_NUI_Audio.cat; sourceTree = "<group>"; };
		EA8E874214C492ED00940115 /* Xbox_NUI_Audio.inf */ = {isa = PBXFileReference; fileEncoding = 4; lastKnownFileType = text; path = Xbox_NUI_Audio.inf; sourceTree = "<group>"; };
		EA8E874514C492ED00940115 /* libusb0.dll */ = {isa = PBXFileReference; lastKnownFileType = file; path = libusb0.dll; sourceTree = "<group>"; };
		EA8E874614C492ED00940115 /* libusb0.sys */ = {isa = PBXFileReference; lastKnownFileType = file; path = libusb0.sys; sourceTree = "<group>"; };
		EA8E874814C492ED00940115 /* libusb0.dll */ = {isa = PBXFileReference; lastKnownFileType = file; path = libusb0.dll; sourceTree = "<group>"; };
		EA8E874914C492ED00940115 /* libusb0.sys */ = {isa = PBXFileReference; lastKnownFileType = file; path = libusb0.sys; sourceTree = "<group>"; };
		EA8E874A14C492ED00940115 /* libusb-win32-bin-README.txt */ = {isa = PBXFileReference; fileEncoding = 4; lastKnownFileType = text; path = "libusb-win32-bin-README.txt"; sourceTree = "<group>"; };
		EA8E874D14C492ED00940115 /* installer_license.txt */ = {isa = PBXFileReference; fileEncoding = 4; lastKnownFileType = text; path = installer_license.txt; sourceTree = "<group>"; };
		EA8E874F14C492ED00940115 /* libusb0.sys */ = {isa = PBXFileReference; lastKnownFileType = file; path = libusb0.sys; sourceTree = "<group>"; };
		EA8E875014C492ED00940115 /* libusb0_x86.dll */ = {isa = PBXFileReference; lastKnownFileType = file; path = libusb0_x86.dll; sourceTree = "<group>"; };
		EA8E875114C492ED00940115 /* Xbox_NUI_Camera.cat */ = {isa = PBXFileReference; lastKnownFileType = file; path = Xbox_NUI_Camera.cat; sourceTree = "<group>"; };
		EA8E875214C492ED00940115 /* Xbox_NUI_Camera.inf */ = {isa = PBXFileReference; fileEncoding = 4; lastKnownFileType = text; path = Xbox_NUI_Camera.inf; sourceTree = "<group>"; };
		EA8E875514C492ED00940115 /* libusb0.dll */ = {isa = PBXFileReference; lastKnownFileType = file; path = libusb0.dll; sourceTree = "<group>"; };
		EA8E875614C492ED00940115 /* libusb0.sys */ = {isa = PBXFileReference; lastKnownFileType = file; path = libusb0.sys; sourceTree = "<group>"; };
		EA8E875814C492ED00940115 /* libusb0.dll */ = {isa = PBXFileReference; lastKnownFileType = file; path = libusb0.dll; sourceTree = "<group>"; };
		EA8E875914C492ED00940115 /* libusb0.sys */ = {isa = PBXFileReference; lastKnownFileType = file; path = libusb0.sys; sourceTree = "<group>"; };
		EA8E875A14C492ED00940115 /* libusb-win32-bin-README.txt */ = {isa = PBXFileReference; fileEncoding = 4; lastKnownFileType = text; path = "libusb-win32-bin-README.txt"; sourceTree = "<group>"; };
		EA8E875D14C492ED00940115 /* installer_license.txt */ = {isa = PBXFileReference; fileEncoding = 4; lastKnownFileType = text; path = installer_license.txt; sourceTree = "<group>"; };
		EA8E875F14C492ED00940115 /* libusb0.sys */ = {isa = PBXFileReference; lastKnownFileType = file; path = libusb0.sys; sourceTree = "<group>"; };
		EA8E876014C492ED00940115 /* libusb0_x86.dll */ = {isa = PBXFileReference; lastKnownFileType = file; path = libusb0_x86.dll; sourceTree = "<group>"; };
		EA8E876114C492ED00940115 /* Xbox_NUI_Motor.cat */ = {isa = PBXFileReference; lastKnownFileType = file; path = Xbox_NUI_Motor.cat; sourceTree = "<group>"; };
		EA8E876214C492ED00940115 /* Xbox_NUI_Motor.inf */ = {isa = PBXFileReference; fileEncoding = 4; lastKnownFileType = text; path = Xbox_NUI_Motor.inf; sourceTree = "<group>"; };
		EA8E876414C492ED00940115 /* ofxBase3DVideo.h */ = {isa = PBXFileReference; fileEncoding = 4; lastKnownFileType = sourcecode.c.h; path = ofxBase3DVideo.h; sourceTree = "<group>"; };
		EA8E876514C492ED00940115 /* ofxKinect.cpp */ = {isa = PBXFileReference; fileEncoding = 4; lastKnownFileType = sourcecode.cpp.cpp; path = ofxKinect.cpp; sourceTree = "<group>"; };
		EA8E876614C492ED00940115 /* ofxKinect.h */ = {isa = PBXFileReference; fileEncoding = 4; lastKnownFileType = sourcecode.c.h; path = ofxKinect.h; sourceTree = "<group>"; };
		EA8E87A814C492ED00940115 /* install.xml */ = {isa = PBXFileReference; fileEncoding = 4; lastKnownFileType = text.xml; path = install.xml; sourceTree = "<group>"; };
		EA8E87AA14C492ED00940115 /* tinyxml.cpp */ = {isa = PBXFileReference; fileEncoding = 4; lastKnownFileType = sourcecode.cpp.cpp; path = tinyxml.cpp; sourceTree = "<group>"; };
		EA8E87AB14C492ED00940115 /* tinyxml.h */ = {isa = PBXFileReference; fileEncoding = 4; lastKnownFileType = sourcecode.c.h; path = tinyxml.h; sourceTree = "<group>"; };
		EA8E87AC14C492ED00940115 /* tinyxmlerror.cpp */ = {isa = PBXFileReference; fileEncoding = 4; lastKnownFileType = sourcecode.cpp.cpp; path = tinyxmlerror.cpp; sourceTree = "<group>"; };
		EA8E87AD14C492ED00940115 /* tinyxmlparser.cpp */ = {isa = PBXFileReference; fileEncoding = 4; lastKnownFileType = sourcecode.cpp.cpp; path = tinyxmlparser.cpp; sourceTree = "<group>"; };
		EA8E87AF14C492ED00940115 /* ofxXmlSettings.cpp */ = {isa = PBXFileReference; fileEncoding = 4; lastKnownFileType = sourcecode.cpp.cpp; path = ofxXmlSettings.cpp; sourceTree = "<group>"; };
		EA8E87B014C492ED00940115 /* ofxXmlSettings.h */ = {isa = PBXFileReference; fileEncoding = 4; lastKnownFileType = sourcecode.c.h; path = ofxXmlSettings.h; sourceTree = "<group>"; };
		EA8E87D214C492F300940115 /* install.xml */ = {isa = PBXFileReference; fileEncoding = 4; lastKnownFileType = text.xml; path = install.xml; sourceTree = "<group>"; };
		EA8E87D714C492F300940115 /* IpEndpointName.h */ = {isa = PBXFileReference; fileEncoding = 4; lastKnownFileType = sourcecode.c.h; path = IpEndpointName.h; sourceTree = "<group>"; };
		EA8E87D814C492F300940115 /* NetworkingUtils.h */ = {isa = PBXFileReference; fileEncoding = 4; lastKnownFileType = sourcecode.c.h; path = NetworkingUtils.h; sourceTree = "<group>"; };
		EA8E87D914C492F300940115 /* PacketListener.h */ = {isa = PBXFileReference; fileEncoding = 4; lastKnownFileType = sourcecode.c.h; path = PacketListener.h; sourceTree = "<group>"; };
		EA8E87DA14C492F300940115 /* TimerListener.h */ = {isa = PBXFileReference; fileEncoding = 4; lastKnownFileType = sourcecode.c.h; path = TimerListener.h; sourceTree = "<group>"; };
		EA8E87DB14C492F300940115 /* UdpSocket.h */ = {isa = PBXFileReference; fileEncoding = 4; lastKnownFileType = sourcecode.c.h; path = UdpSocket.h; sourceTree = "<group>"; };
		EA8E87DD14C492F300940115 /* MessageMappingOscPacketListener.h */ = {isa = PBXFileReference; fileEncoding = 4; lastKnownFileType = sourcecode.c.h; path = MessageMappingOscPacketListener.h; sourceTree = "<group>"; };
		EA8E87DE14C492F300940115 /* OscException.h */ = {isa = PBXFileReference; fileEncoding = 4; lastKnownFileType = sourcecode.c.h; path = OscException.h; sourceTree = "<group>"; };
		EA8E87DF14C492F300940115 /* OscHostEndianness.h */ = {isa = PBXFileReference; fileEncoding = 4; lastKnownFileType = sourcecode.c.h; path = OscHostEndianness.h; sourceTree = "<group>"; };
		EA8E87E014C492F300940115 /* OscOutboundPacketStream.h */ = {isa = PBXFileReference; fileEncoding = 4; lastKnownFileType = sourcecode.c.h; path = OscOutboundPacketStream.h; sourceTree = "<group>"; };
		EA8E87E114C492F300940115 /* OscPacketListener.h */ = {isa = PBXFileReference; fileEncoding = 4; lastKnownFileType = sourcecode.c.h; path = OscPacketListener.h; sourceTree = "<group>"; };
		EA8E87E214C492F300940115 /* OscPrintReceivedElements.h */ = {isa = PBXFileReference; fileEncoding = 4; lastKnownFileType = sourcecode.c.h; path = OscPrintReceivedElements.h; sourceTree = "<group>"; };
		EA8E87E314C492F300940115 /* OscReceivedElements.h */ = {isa = PBXFileReference; fileEncoding = 4; lastKnownFileType = sourcecode.c.h; path = OscReceivedElements.h; sourceTree = "<group>"; };
		EA8E87E414C492F300940115 /* OscTypes.h */ = {isa = PBXFileReference; fileEncoding = 4; lastKnownFileType = sourcecode.c.h; path = OscTypes.h; sourceTree = "<group>"; };
		EA8E87E714C492F300940115 /* osc.a */ = {isa = PBXFileReference; lastKnownFileType = archive.ar; path = osc.a; sourceTree = "<group>"; };
		EA8E87E914C492F300940115 /* ofxOsc.h */ = {isa = PBXFileReference; fileEncoding = 4; lastKnownFileType = sourcecode.c.h; path = ofxOsc.h; sourceTree = "<group>"; };
		EA8E87EA14C492F300940115 /* ofxOscArg.h */ = {isa = PBXFileReference; fileEncoding = 4; lastKnownFileType = sourcecode.c.h; path = ofxOscArg.h; sourceTree = "<group>"; };
		EA8E87EB14C492F300940115 /* ofxOscBundle.cpp */ = {isa = PBXFileReference; fileEncoding = 4; lastKnownFileType = sourcecode.cpp.cpp; path = ofxOscBundle.cpp; sourceTree = "<group>"; };
		EA8E87EC14C492F300940115 /* ofxOscBundle.h */ = {isa = PBXFileReference; fileEncoding = 4; lastKnownFileType = sourcecode.c.h; path = ofxOscBundle.h; sourceTree = "<group>"; };
		EA8E87ED14C492F300940115 /* ofxOscMessage.cpp */ = {isa = PBXFileReference; fileEncoding = 4; lastKnownFileType = sourcecode.cpp.cpp; path = ofxOscMessage.cpp; sourceTree = "<group>"; };
		EA8E87EE14C492F300940115 /* ofxOscMessage.h */ = {isa = PBXFileReference; fileEncoding = 4; lastKnownFileType = sourcecode.c.h; path = ofxOscMessage.h; sourceTree = "<group>"; };
		EA8E87EF14C492F300940115 /* ofxOscReceiver.cpp */ = {isa = PBXFileReference; fileEncoding = 4; lastKnownFileType = sourcecode.cpp.cpp; path = ofxOscReceiver.cpp; sourceTree = "<group>"; };
		EA8E87F014C492F300940115 /* ofxOscReceiver.h */ = {isa = PBXFileReference; fileEncoding = 4; lastKnownFileType = sourcecode.c.h; path = ofxOscReceiver.h; sourceTree = "<group>"; };
		EA8E87F114C492F300940115 /* ofxOscSender.cpp */ = {isa = PBXFileReference; fileEncoding = 4; lastKnownFileType = sourcecode.cpp.cpp; path = ofxOscSender.cpp; sourceTree = "<group>"; };
		EA8E87F214C492F300940115 /* ofxOscSender.h */ = {isa = PBXFileReference; fileEncoding = 4; lastKnownFileType = sourcecode.c.h; path = ofxOscSender.h; sourceTree = "<group>"; };
		EA8E87F914C4967B00940115 /* install.xml */ = {isa = PBXFileReference; fileEncoding = 4; lastKnownFileType = text.xml; path = install.xml; sourceTree = "<group>"; };
		EA8E87FE14C4967B00940115 /* cv.h */ = {isa = PBXFileReference; fileEncoding = 4; lastKnownFileType = sourcecode.c.h; path = cv.h; sourceTree = "<group>"; };
		EA8E87FF14C4967B00940115 /* cv.hpp */ = {isa = PBXFileReference; fileEncoding = 4; lastKnownFileType = sourcecode.cpp.h; path = cv.hpp; sourceTree = "<group>"; };
		EA8E880014C4967B00940115 /* cvaux.h */ = {isa = PBXFileReference; fileEncoding = 4; lastKnownFileType = sourcecode.c.h; path = cvaux.h; sourceTree = "<group>"; };
		EA8E880114C4967B00940115 /* cvaux.hpp */ = {isa = PBXFileReference; fileEncoding = 4; lastKnownFileType = sourcecode.cpp.h; path = cvaux.hpp; sourceTree = "<group>"; };
		EA8E880214C4967B00940115 /* cvwimage.h */ = {isa = PBXFileReference; fileEncoding = 4; lastKnownFileType = sourcecode.c.h; path = cvwimage.h; sourceTree = "<group>"; };
		EA8E880314C4967B00940115 /* cxcore.h */ = {isa = PBXFileReference; fileEncoding = 4; lastKnownFileType = sourcecode.c.h; path = cxcore.h; sourceTree = "<group>"; };
		EA8E880414C4967B00940115 /* cxcore.hpp */ = {isa = PBXFileReference; fileEncoding = 4; lastKnownFileType = sourcecode.cpp.h; path = cxcore.hpp; sourceTree = "<group>"; };
		EA8E880514C4967B00940115 /* cxeigen.hpp */ = {isa = PBXFileReference; fileEncoding = 4; lastKnownFileType = sourcecode.cpp.h; path = cxeigen.hpp; sourceTree = "<group>"; };
		EA8E880614C4967B00940115 /* cxmisc.h */ = {isa = PBXFileReference; fileEncoding = 4; lastKnownFileType = sourcecode.c.h; path = cxmisc.h; sourceTree = "<group>"; };
		EA8E880714C4967B00940115 /* highgui.h */ = {isa = PBXFileReference; fileEncoding = 4; lastKnownFileType = sourcecode.c.h; path = highgui.h; sourceTree = "<group>"; };
		EA8E880814C4967B00940115 /* ml.h */ = {isa = PBXFileReference; fileEncoding = 4; lastKnownFileType = sourcecode.c.h; path = ml.h; sourceTree = "<group>"; };
		EA8E880B14C4967B00940115 /* calib3d.hpp */ = {isa = PBXFileReference; fileEncoding = 4; lastKnownFileType = sourcecode.cpp.h; path = calib3d.hpp; sourceTree = "<group>"; };
		EA8E880D14C4967B00940115 /* contrib.hpp */ = {isa = PBXFileReference; fileEncoding = 4; lastKnownFileType = sourcecode.cpp.h; path = contrib.hpp; sourceTree = "<group>"; };
		EA8E880F14C4967B00940115 /* core.hpp */ = {isa = PBXFileReference; fileEncoding = 4; lastKnownFileType = sourcecode.cpp.h; path = core.hpp; sourceTree = "<group>"; };
		EA8E881014C4967B00940115 /* core_c.h */ = {isa = PBXFileReference; fileEncoding = 4; lastKnownFileType = sourcecode.c.h; path = core_c.h; sourceTree = "<group>"; };
		EA8E881114C4967B00940115 /* eigen.hpp */ = {isa = PBXFileReference; fileEncoding = 4; lastKnownFileType = sourcecode.cpp.h; path = eigen.hpp; sourceTree = "<group>"; };
		EA8E881214C4967B00940115 /* internal.hpp */ = {isa = PBXFileReference; fileEncoding = 4; lastKnownFileType = sourcecode.cpp.h; path = internal.hpp; sourceTree = "<group>"; };
		EA8E881314C4967B00940115 /* mat.hpp */ = {isa = PBXFileReference; fileEncoding = 4; lastKnownFileType = sourcecode.cpp.h; path = mat.hpp; sourceTree = "<group>"; };
		EA8E881414C4967B00940115 /* operations.hpp */ = {isa = PBXFileReference; fileEncoding = 4; lastKnownFileType = sourcecode.cpp.h; path = operations.hpp; sourceTree = "<group>"; };
		EA8E881514C4967B00940115 /* types_c.h */ = {isa = PBXFileReference; fileEncoding = 4; lastKnownFileType = sourcecode.c.h; path = types_c.h; sourceTree = "<group>"; };
		EA8E881614C4967B00940115 /* version.hpp */ = {isa = PBXFileReference; fileEncoding = 4; lastKnownFileType = sourcecode.cpp.h; path = version.hpp; sourceTree = "<group>"; };
		EA8E881714C4967B00940115 /* wimage.hpp */ = {isa = PBXFileReference; fileEncoding = 4; lastKnownFileType = sourcecode.cpp.h; path = wimage.hpp; sourceTree = "<group>"; };
		EA8E881914C4967B00940115 /* features2d.hpp */ = {isa = PBXFileReference; fileEncoding = 4; lastKnownFileType = sourcecode.cpp.h; path = features2d.hpp; sourceTree = "<group>"; };
		EA8E881B14C4967B00940115 /* all_indices.h */ = {isa = PBXFileReference; fileEncoding = 4; lastKnownFileType = sourcecode.c.h; path = all_indices.h; sourceTree = "<group>"; };
		EA8E881C14C4967B00940115 /* allocator.h */ = {isa = PBXFileReference; fileEncoding = 4; lastKnownFileType = sourcecode.c.h; path = allocator.h; sourceTree = "<group>"; };
		EA8E881D14C4967B00940115 /* autotuned_index.h */ = {isa = PBXFileReference; fileEncoding = 4; lastKnownFileType = sourcecode.c.h; path = autotuned_index.h; sourceTree = "<group>"; };
		EA8E881E14C4967B00940115 /* composite_index.h */ = {isa = PBXFileReference; fileEncoding = 4; lastKnownFileType = sourcecode.c.h; path = composite_index.h; sourceTree = "<group>"; };
		EA8E881F14C4967B00940115 /* dist.h */ = {isa = PBXFileReference; fileEncoding = 4; lastKnownFileType = sourcecode.c.h; path = dist.h; sourceTree = "<group>"; };
		EA8E882014C4967B00940115 /* flann.hpp */ = {isa = PBXFileReference; fileEncoding = 4; lastKnownFileType = sourcecode.cpp.h; path = flann.hpp; sourceTree = "<group>"; };
		EA8E882114C4967B00940115 /* flann_base.hpp */ = {isa = PBXFileReference; fileEncoding = 4; lastKnownFileType = sourcecode.cpp.h; path = flann_base.hpp; sourceTree = "<group>"; };
		EA8E882214C4967B00940115 /* general.h */ = {isa = PBXFileReference; fileEncoding = 4; lastKnownFileType = sourcecode.c.h; path = general.h; sourceTree = "<group>"; };
		EA8E882314C4967B00940115 /* ground_truth.h */ = {isa = PBXFileReference; fileEncoding = 4; lastKnownFileType = sourcecode.c.h; path = ground_truth.h; sourceTree = "<group>"; };
		EA8E882414C4967B00940115 /* hdf5.h */ = {isa = PBXFileReference; fileEncoding = 4; lastKnownFileType = sourcecode.c.h; path = hdf5.h; sourceTree = "<group>"; };
		EA8E882514C4967B00940115 /* heap.h */ = {isa = PBXFileReference; fileEncoding = 4; lastKnownFileType = sourcecode.c.h; path = heap.h; sourceTree = "<group>"; };
		EA8E882614C4967B00940115 /* index_testing.h */ = {isa = PBXFileReference; fileEncoding = 4; lastKnownFileType = sourcecode.c.h; path = index_testing.h; sourceTree = "<group>"; };
		EA8E882714C4967B00940115 /* kdtree_index.h */ = {isa = PBXFileReference; fileEncoding = 4; lastKnownFileType = sourcecode.c.h; path = kdtree_index.h; sourceTree = "<group>"; };
		EA8E882814C4967B00940115 /* kmeans_index.h */ = {isa = PBXFileReference; fileEncoding = 4; lastKnownFileType = sourcecode.c.h; path = kmeans_index.h; sourceTree = "<group>"; };
		EA8E882914C4967B00940115 /* linear_index.h */ = {isa = PBXFileReference; fileEncoding = 4; lastKnownFileType = sourcecode.c.h; path = linear_index.h; sourceTree = "<group>"; };
		EA8E882A14C4967B00940115 /* logger.h */ = {isa = PBXFileReference; fileEncoding = 4; lastKnownFileType = sourcecode.c.h; path = logger.h; sourceTree = "<group>"; };
		EA8E882B14C4967B00940115 /* matrix.h */ = {isa = PBXFileReference; fileEncoding = 4; lastKnownFileType = sourcecode.c.h; path = matrix.h; sourceTree = "<group>"; };
		EA8E882C14C4967B00940115 /* nn_index.h */ = {isa = PBXFileReference; fileEncoding = 4; lastKnownFileType = sourcecode.c.h; path = nn_index.h; sourceTree = "<group>"; };
		EA8E882D14C4967B00940115 /* object_factory.h */ = {isa = PBXFileReference; fileEncoding = 4; lastKnownFileType = sourcecode.c.h; path = object_factory.h; sourceTree = "<group>"; };
		EA8E882E14C4967B00940115 /* random.h */ = {isa = PBXFileReference; fileEncoding = 4; lastKnownFileType = sourcecode.c.h; path = random.h; sourceTree = "<group>"; };
		EA8E882F14C4967B00940115 /* result_set.h */ = {isa = PBXFileReference; fileEncoding = 4; lastKnownFileType = sourcecode.c.h; path = result_set.h; sourceTree = "<group>"; };
		EA8E883014C4967B00940115 /* sampling.h */ = {isa = PBXFileReference; fileEncoding = 4; lastKnownFileType = sourcecode.c.h; path = sampling.h; sourceTree = "<group>"; };
		EA8E883114C4967B00940115 /* saving.h */ = {isa = PBXFileReference; fileEncoding = 4; lastKnownFileType = sourcecode.c.h; path = saving.h; sourceTree = "<group>"; };
		EA8E883214C4967B00940115 /* simplex_downhill.h */ = {isa = PBXFileReference; fileEncoding = 4; lastKnownFileType = sourcecode.c.h; path = simplex_downhill.h; sourceTree = "<group>"; };
		EA8E883314C4967B00940115 /* timer.h */ = {isa = PBXFileReference; fileEncoding = 4; lastKnownFileType = sourcecode.c.h; path = timer.h; sourceTree = "<group>"; };
		EA8E883514C4967B00940115 /* devmem2d.hpp */ = {isa = PBXFileReference; fileEncoding = 4; lastKnownFileType = sourcecode.cpp.h; path = devmem2d.hpp; sourceTree = "<group>"; };
		EA8E883614C4967B00940115 /* gpu.hpp */ = {isa = PBXFileReference; fileEncoding = 4; lastKnownFileType = sourcecode.cpp.h; path = gpu.hpp; sourceTree = "<group>"; };
		EA8E883714C4967B00940115 /* matrix_operations.hpp */ = {isa = PBXFileReference; fileEncoding = 4; lastKnownFileType = sourcecode.cpp.h; path = matrix_operations.hpp; sourceTree = "<group>"; };
		EA8E883814C4967B00940115 /* stream_accessor.hpp */ = {isa = PBXFileReference; fileEncoding = 4; lastKnownFileType = sourcecode.cpp.h; path = stream_accessor.hpp; sourceTree = "<group>"; };
		EA8E883A14C4967B00940115 /* highgui.hpp */ = {isa = PBXFileReference; fileEncoding = 4; lastKnownFileType = sourcecode.cpp.h; path = highgui.hpp; sourceTree = "<group>"; };
		EA8E883B14C4967B00940115 /* highgui_c.h */ = {isa = PBXFileReference; fileEncoding = 4; lastKnownFileType = sourcecode.c.h; path = highgui_c.h; sourceTree = "<group>"; };
		EA8E883D14C4967B00940115 /* imgproc.hpp */ = {isa = PBXFileReference; fileEncoding = 4; lastKnownFileType = sourcecode.cpp.h; path = imgproc.hpp; sourceTree = "<group>"; };
		EA8E883E14C4967B00940115 /* imgproc_c.h */ = {isa = PBXFileReference; fileEncoding = 4; lastKnownFileType = sourcecode.c.h; path = imgproc_c.h; sourceTree = "<group>"; };
		EA8E883F14C4967B00940115 /* types_c.h */ = {isa = PBXFileReference; fileEncoding = 4; lastKnownFileType = sourcecode.c.h; path = types_c.h; sourceTree = "<group>"; };
		EA8E884114C4967B00940115 /* blobtrack.hpp */ = {isa = PBXFileReference; fileEncoding = 4; lastKnownFileType = sourcecode.cpp.h; path = blobtrack.hpp; sourceTree = "<group>"; };
		EA8E884214C4967B00940115 /* compat.hpp */ = {isa = PBXFileReference; fileEncoding = 4; lastKnownFileType = sourcecode.cpp.h; path = compat.hpp; sourceTree = "<group>"; };
		EA8E884314C4967B00940115 /* legacy.hpp */ = {isa = PBXFileReference; fileEncoding = 4; lastKnownFileType = sourcecode.cpp.h; path = legacy.hpp; sourceTree = "<group>"; };
		EA8E884414C4967B00940115 /* streams.hpp */ = {isa = PBXFileReference; fileEncoding = 4; lastKnownFileType = sourcecode.cpp.h; path = streams.hpp; sourceTree = "<group>"; };
		EA8E884614C4967B00940115 /* ml.hpp */ = {isa = PBXFileReference; fileEncoding = 4; lastKnownFileType = sourcecode.cpp.h; path = ml.hpp; sourceTree = "<group>"; };
		EA8E884814C4967B00940115 /* objdetect.hpp */ = {isa = PBXFileReference; fileEncoding = 4; lastKnownFileType = sourcecode.cpp.h; path = objdetect.hpp; sourceTree = "<group>"; };
		EA8E884914C4967B00940115 /* opencv.hpp */ = {isa = PBXFileReference; fileEncoding = 4; lastKnownFileType = sourcecode.cpp.h; path = opencv.hpp; sourceTree = "<group>"; };
		EA8E884B14C4967B00940115 /* background_segm.hpp */ = {isa = PBXFileReference; fileEncoding = 4; lastKnownFileType = sourcecode.cpp.h; path = background_segm.hpp; sourceTree = "<group>"; };
		EA8E884C14C4967B00940115 /* tracking.hpp */ = {isa = PBXFileReference; fileEncoding = 4; lastKnownFileType = sourcecode.cpp.h; path = tracking.hpp; sourceTree = "<group>"; };
		EA8E884F14C4967B00940115 /* opencv.a */ = {isa = PBXFileReference; lastKnownFileType = archive.ar; path = opencv.a; sourceTree = "<group>"; };
		EA8E885114C4967B00940115 /* ofxCvBlob.h */ = {isa = PBXFileReference; fileEncoding = 4; lastKnownFileType = sourcecode.c.h; path = ofxCvBlob.h; sourceTree = "<group>"; };
		EA8E885214C4967B00940115 /* ofxCvColorImage.cpp */ = {isa = PBXFileReference; fileEncoding = 4; lastKnownFileType = sourcecode.cpp.cpp; path = ofxCvColorImage.cpp; sourceTree = "<group>"; };
		EA8E885314C4967B00940115 /* ofxCvColorImage.h */ = {isa = PBXFileReference; fileEncoding = 4; lastKnownFileType = sourcecode.c.h; path = ofxCvColorImage.h; sourceTree = "<group>"; };
		EA8E885414C4967B00940115 /* ofxCvConstants.h */ = {isa = PBXFileReference; fileEncoding = 4; lastKnownFileType = sourcecode.c.h; path = ofxCvConstants.h; sourceTree = "<group>"; };
		EA8E885514C4967B00940115 /* ofxCvContourFinder.cpp */ = {isa = PBXFileReference; fileEncoding = 4; lastKnownFileType = sourcecode.cpp.cpp; path = ofxCvContourFinder.cpp; sourceTree = "<group>"; };
		EA8E885614C4967B00940115 /* ofxCvContourFinder.h */ = {isa = PBXFileReference; fileEncoding = 4; lastKnownFileType = sourcecode.c.h; path = ofxCvContourFinder.h; sourceTree = "<group>"; };
		EA8E885714C4967B00940115 /* ofxCvFloatImage.cpp */ = {isa = PBXFileReference; fileEncoding = 4; lastKnownFileType = sourcecode.cpp.cpp; path = ofxCvFloatImage.cpp; sourceTree = "<group>"; };
		EA8E885814C4967B00940115 /* ofxCvFloatImage.h */ = {isa = PBXFileReference; fileEncoding = 4; lastKnownFileType = sourcecode.c.h; path = ofxCvFloatImage.h; sourceTree = "<group>"; };
		EA8E885914C4967B00940115 /* ofxCvGrayscaleImage.cpp */ = {isa = PBXFileReference; fileEncoding = 4; lastKnownFileType = sourcecode.cpp.cpp; path = ofxCvGrayscaleImage.cpp; sourceTree = "<group>"; };
		EA8E885A14C4967B00940115 /* ofxCvGrayscaleImage.h */ = {isa = PBXFileReference; fileEncoding = 4; lastKnownFileType = sourcecode.c.h; path = ofxCvGrayscaleImage.h; sourceTree = "<group>"; };
		EA8E885B14C4967B00940115 /* ofxCvHaarFinder.cpp */ = {isa = PBXFileReference; fileEncoding = 4; lastKnownFileType = sourcecode.cpp.cpp; path = ofxCvHaarFinder.cpp; sourceTree = "<group>"; };
		EA8E885C14C4967B00940115 /* ofxCvHaarFinder.h */ = {isa = PBXFileReference; fileEncoding = 4; lastKnownFileType = sourcecode.c.h; path = ofxCvHaarFinder.h; sourceTree = "<group>"; };
		EA8E885D14C4967B00940115 /* ofxCvImage.cpp */ = {isa = PBXFileReference; fileEncoding = 4; lastKnownFileType = sourcecode.cpp.cpp; path = ofxCvImage.cpp; sourceTree = "<group>"; };
		EA8E885E14C4967B00940115 /* ofxCvImage.h */ = {isa = PBXFileReference; fileEncoding = 4; lastKnownFileType = sourcecode.c.h; path = ofxCvImage.h; sourceTree = "<group>"; };
		EA8E885F14C4967B00940115 /* ofxCvMain.h */ = {isa = PBXFileReference; fileEncoding = 4; lastKnownFileType = sourcecode.c.h; path = ofxCvMain.h; sourceTree = "<group>"; };
		EA8E886014C4967B00940115 /* ofxCvShortImage.cpp */ = {isa = PBXFileReference; fileEncoding = 4; lastKnownFileType = sourcecode.cpp.cpp; path = ofxCvShortImage.cpp; sourceTree = "<group>"; };
		EA8E886114C4967B00940115 /* ofxCvShortImage.h */ = {isa = PBXFileReference; fileEncoding = 4; lastKnownFileType = sourcecode.c.h; path = ofxCvShortImage.h; sourceTree = "<group>"; };
		EA8E886214C4967B00940115 /* ofxOpenCv.h */ = {isa = PBXFileReference; fileEncoding = 4; lastKnownFileType = sourcecode.c.h; path = ofxOpenCv.h; sourceTree = "<group>"; };
		EAC8150F14D6AF2600595518 /* Container.cpp */ = {isa = PBXFileReference; fileEncoding = 4; lastKnownFileType = sourcecode.cpp.cpp; path = Container.cpp; sourceTree = "<group>"; };
		EAC8151014D6AF2600595518 /* Container.h */ = {isa = PBXFileReference; fileEncoding = 4; lastKnownFileType = sourcecode.c.h; path = Container.h; sourceTree = "<group>"; };
		EAC8151114D6AF2600595518 /* Control.cpp */ = {isa = PBXFileReference; fileEncoding = 4; lastKnownFileType = sourcecode.cpp.cpp; path = Control.cpp; sourceTree = "<group>"; };
		EAC8151214D6AF2600595518 /* Control.h */ = {isa = PBXFileReference; fileEncoding = 4; lastKnownFileType = sourcecode.c.h; path = Control.h; sourceTree = "<group>"; };
		EAC8151314D6AF2600595518 /* Controls.cpp */ = {isa = PBXFileReference; fileEncoding = 4; lastKnownFileType = sourcecode.cpp.cpp; path = Controls.cpp; sourceTree = "<group>"; };
		EAC8151414D6AF2600595518 /* GridSequence.h */ = {isa = PBXFileReference; fileEncoding = 4; lastKnownFileType = sourcecode.c.h; path = GridSequence.h; sourceTree = "<group>"; };
		EAC8151514D6AF2600595518 /* Gui.cpp */ = {isa = PBXFileReference; fileEncoding = 4; lastKnownFileType = sourcecode.cpp.cpp; path = Gui.cpp; sourceTree = "<group>"; };
		EAC8151614D6AF2600595518 /* Gui.h */ = {isa = PBXFileReference; fileEncoding = 4; lastKnownFileType = sourcecode.c.h; path = Gui.h; sourceTree = "<group>"; };
		EAC8151714D6AF2600595518 /* Instantiator.cpp */ = {isa = PBXFileReference; fileEncoding = 4; lastKnownFileType = sourcecode.cpp.cpp; path = Instantiator.cpp; sourceTree = "<group>"; };
		EAC8151814D6AF2600595518 /* Instantiator.h */ = {isa = PBXFileReference; fileEncoding = 4; lastKnownFileType = sourcecode.c.h; path = Instantiator.h; sourceTree = "<group>"; };
		EAC8151914D6AF2600595518 /* Listener.h */ = {isa = PBXFileReference; fileEncoding = 4; lastKnownFileType = sourcecode.c.h; path = Listener.h; sourceTree = "<group>"; };
		EAC8151A14D6AF2600595518 /* ofGuiEventDispatcher.cpp */ = {isa = PBXFileReference; fileEncoding = 4; lastKnownFileType = sourcecode.cpp.cpp; path = ofGuiEventDispatcher.cpp; sourceTree = "<group>"; };
		EAC8151B14D6AF2600595518 /* ofGuiEventDispatcher.h */ = {isa = PBXFileReference; fileEncoding = 4; lastKnownFileType = sourcecode.c.h; path = ofGuiEventDispatcher.h; sourceTree = "<group>"; };
		EAC8151C14D6AF2600595518 /* ofxXmlGui.h */ = {isa = PBXFileReference; fileEncoding = 4; lastKnownFileType = sourcecode.c.h; path = ofxXmlGui.h; sourceTree = "<group>"; };
		EAC8151D14D6AF2600595518 /* ParameterInfo.h */ = {isa = PBXFileReference; fileEncoding = 4; lastKnownFileType = sourcecode.c.h; path = ParameterInfo.h; sourceTree = "<group>"; };
		EAC8151E14D6AF2600595518 /* Resources.cpp */ = {isa = PBXFileReference; fileEncoding = 4; lastKnownFileType = sourcecode.cpp.cpp; path = Resources.cpp; sourceTree = "<group>"; };
		EAC8151F14D6AF2600595518 /* Resources.h */ = {isa = PBXFileReference; fileEncoding = 4; lastKnownFileType = sourcecode.c.h; path = Resources.h; sourceTree = "<group>"; };
		EAC8152914D6D82600595518 /* CPUImageFilter.cpp */ = {isa = PBXFileReference; fileEncoding = 4; lastKnownFileType = sourcecode.cpp.cpp; path = CPUImageFilter.cpp; sourceTree = "<group>"; };
		EAC8152A14D6D82600595518 /* CPUImageFilter.h */ = {isa = PBXFileReference; fileEncoding = 4; lastKnownFileType = sourcecode.c.h; path = CPUImageFilter.h; sourceTree = "<group>"; };
		EAC8152B14D6D82600595518 /* ofxCvBlobTracker.cpp */ = {isa = PBXFileReference; fileEncoding = 4; lastKnownFileType = sourcecode.cpp.cpp; path = ofxCvBlobTracker.cpp; sourceTree = "<group>"; };
		EAC8152C14D6D82600595518 /* ofxCvBlobTracker.h */ = {isa = PBXFileReference; fileEncoding = 4; lastKnownFileType = sourcecode.c.h; path = ofxCvBlobTracker.h; sourceTree = "<group>"; };
		EAC8152D14D6D82600595518 /* ofxCvConstants_Track.h */ = {isa = PBXFileReference; fileEncoding = 4; lastKnownFileType = sourcecode.c.h; path = ofxCvConstants_Track.h; sourceTree = "<group>"; };
		EAC8152E14D6D82600595518 /* ofxCvCoordWarping.cpp */ = {isa = PBXFileReference; fileEncoding = 4; lastKnownFileType = sourcecode.cpp.cpp; path = ofxCvCoordWarping.cpp; sourceTree = "<group>"; };
		EAC8152F14D6D82600595518 /* ofxCvCoordWarping.h */ = {isa = PBXFileReference; fileEncoding = 4; lastKnownFileType = sourcecode.c.h; path = ofxCvCoordWarping.h; sourceTree = "<group>"; };
		EAC8153214D6D82600595518 /* ofxCvOpticalFlowLK.cpp */ = {isa = PBXFileReference; fileEncoding = 4; lastKnownFileType = sourcecode.cpp.cpp; path = ofxCvOpticalFlowLK.cpp; sourceTree = "<group>"; };
		EAC8153314D6D82600595518 /* ofxCvOpticalFlowLK.h */ = {isa = PBXFileReference; fileEncoding = 4; lastKnownFileType = sourcecode.c.h; path = ofxCvOpticalFlowLK.h; sourceTree = "<group>"; };
		EAC8153414D6D82600595518 /* ofxCvTrackedBlob.h */ = {isa = PBXFileReference; fileEncoding = 4; lastKnownFileType = sourcecode.c.h; path = ofxCvTrackedBlob.h; sourceTree = "<group>"; };
/* End PBXFileReference section */

/* Begin PBXFrameworksBuildPhase section */
		E4B69B590A3A1756003C02F2 /* Frameworks */ = {
			isa = PBXFrameworksBuildPhase;
			buildActionMask = 2147483647;
			files = (
				E4EB6799138ADC1D00A09F29 /* GLUT.framework in Frameworks */,
				E4328149138ABC9F0047C5CB /* openFrameworksDebug.a in Frameworks */,
				E45BE97B0E8CC7DD009D7055 /* AGL.framework in Frameworks */,
				E45BE97C0E8CC7DD009D7055 /* ApplicationServices.framework in Frameworks */,
				E45BE97D0E8CC7DD009D7055 /* AudioToolbox.framework in Frameworks */,
				E45BE97E0E8CC7DD009D7055 /* Carbon.framework in Frameworks */,
				E45BE97F0E8CC7DD009D7055 /* CoreAudio.framework in Frameworks */,
				E45BE9800E8CC7DD009D7055 /* CoreFoundation.framework in Frameworks */,
				E45BE9810E8CC7DD009D7055 /* CoreServices.framework in Frameworks */,
				E45BE9830E8CC7DD009D7055 /* OpenGL.framework in Frameworks */,
				E45BE9840E8CC7DD009D7055 /* QuickTime.framework in Frameworks */,
				E4C2424710CC5A17004149E2 /* AppKit.framework in Frameworks */,
				E4C2424810CC5A17004149E2 /* Cocoa.framework in Frameworks */,
				E4C2424910CC5A17004149E2 /* IOKit.framework in Frameworks */,
				EA8E87B314C492ED00940115 /* freenect.lib in Frameworks */,
				EA8E87B714C492ED00940115 /* usb-1.0.a in Frameworks */,
				EA8E87F314C492F300940115 /* osc.a in Frameworks */,
				EA8E886314C4967B00940115 /* opencv.a in Frameworks */,
			);
			runOnlyForDeploymentPostprocessing = 0;
		};
/* End PBXFrameworksBuildPhase section */

/* Begin PBXGroup section */
		BB4B014C10F69532006C3DED /* addons */ = {
			isa = PBXGroup;
			children = (
				EA4CBCB114D6AD1500684485 /* xmlgui */,
				EA8E87F814C4967B00940115 /* ofxOpenCv */,
				EAC8152714D6D82600595518 /* ofxOpenCVExtensions */,
				EA8E87D114C492F300940115 /* ofxOsc */,
				EA8E871714C492ED00940115 /* ofxKinect */,
				EA8E87A714C492ED00940115 /* ofxXmlSettings */,
				E4B6FCAD0C3E899E008CF71C /* openFrameworks-Info.plist */,
			);
			name = addons;
			sourceTree = "<group>";
		};
		BBAB23C913894ECA00AA2426 /* system frameworks */ = {
			isa = PBXGroup;
			children = (
				E4C2424410CC5A17004149E2 /* AppKit.framework */,
				E4C2424510CC5A17004149E2 /* Cocoa.framework */,
				E4C2424610CC5A17004149E2 /* IOKit.framework */,
				E45BE9710E8CC7DD009D7055 /* AGL.framework */,
				E45BE9720E8CC7DD009D7055 /* ApplicationServices.framework */,
				E45BE9730E8CC7DD009D7055 /* AudioToolbox.framework */,
				E45BE9740E8CC7DD009D7055 /* Carbon.framework */,
				E45BE9750E8CC7DD009D7055 /* CoreAudio.framework */,
				E45BE9760E8CC7DD009D7055 /* CoreFoundation.framework */,
				E45BE9770E8CC7DD009D7055 /* CoreServices.framework */,
				E45BE9790E8CC7DD009D7055 /* OpenGL.framework */,
				E45BE97A0E8CC7DD009D7055 /* QuickTime.framework */,
			);
			name = "system frameworks";
			sourceTree = "<group>";
		};
		BBAB23CA13894EDB00AA2426 /* 3rd party frameworks */ = {
			isa = PBXGroup;
			children = (
				BBAB23BE13894E4700AA2426 /* GLUT.framework */,
			);
			name = "3rd party frameworks";
			sourceTree = "<group>";
		};
		E4328144138ABC890047C5CB /* Products */ = {
			isa = PBXGroup;
			children = (
				E4328148138ABC890047C5CB /* openFrameworksDebug.a */,
			);
			name = Products;
			sourceTree = "<group>";
		};
		E45BE5980E8CC70C009D7055 /* frameworks */ = {
			isa = PBXGroup;
			children = (
				BBAB23CA13894EDB00AA2426 /* 3rd party frameworks */,
				BBAB23C913894ECA00AA2426 /* system frameworks */,
			);
			name = frameworks;
			sourceTree = "<group>";
		};
		E4B69B4A0A3A1720003C02F2 = {
			isa = PBXGroup;
			children = (
				E4EB6923138AFD0F00A09F29 /* Project.xcconfig */,
				E4B69E1C0A3A1BDC003C02F2 /* src */,
				E4EEC9E9138DF44700A80321 /* openFrameworks */,
				BB4B014C10F69532006C3DED /* addons */,
				E45BE5980E8CC70C009D7055 /* frameworks */,
				E4B69B5B0A3A1756003C02F2 /* WailWellDebug.app */,
			);
			sourceTree = "<group>";
		};
		E4B69E1C0A3A1BDC003C02F2 /* src */ = {
			isa = PBXGroup;
			children = (
				E4B69E1D0A3A1BDC003C02F2 /* main.cpp */,
				E4B69E1F0A3A1BDC003C02F2 /* testApp.h */,
				E4B69E1E0A3A1BDC003C02F2 /* testApp.cpp */,
				A69C743B14D6470B00C0EABC /* ofModifiers.h */,
			);
			path = src;
			sourceTree = SOURCE_ROOT;
		};
		E4EEC9E9138DF44700A80321 /* openFrameworks */ = {
			isa = PBXGroup;
			children = (
				E4EB691F138AFCF100A09F29 /* CoreOF.xcconfig */,
				E4328143138ABC890047C5CB /* openFrameworksLib.xcodeproj */,
			);
			name = openFrameworks;
			sourceTree = "<group>";
		};
		EA4CBCB114D6AD1500684485 /* xmlgui */ = {
			isa = PBXGroup;
			children = (
				EAC8150E14D6AF2600595518 /* framework */,
				EA4CBCB214D6AD1500684485 /* container */,
				EA4CBCB414D6AD1500684485 /* controls */,
			);
			name = xmlgui;
			path = ../../../addons/xmlgui;
			sourceTree = "<group>";
		};
		EA4CBCB214D6AD1500684485 /* container */ = {
			isa = PBXGroup;
			children = (
				EA4CBCB314D6AD1500684485 /* SimpleGui.h */,
			);
			path = container;
			sourceTree = "<group>";
		};
		EA4CBCB414D6AD1500684485 /* controls */ = {
			isa = PBXGroup;
			children = (
				EA4CBCB514D6AD1500684485 /* ColorPicker.h */,
				EA4CBCB614D6AD1500684485 /* Contour.h */,
				EA4CBCB714D6AD1500684485 /* DoubleField.h */,
				EA4CBCB814D6AD1500684485 /* Drawable.h */,
				EA4CBCB914D6AD1500684485 /* FileField.h */,
				EA4CBCBA14D6AD1500684485 /* FloatField.h */,
				EA4CBCBB14D6AD1500684485 /* FPSCounter.h */,
				EA4CBCBC14D6AD1500684485 /* Grid.h */,
				EA4CBCBD14D6AD1500684485 /* IntField.h */,
				EA4CBCBE14D6AD1500684485 /* Keyboard.h */,
				EA4CBCBF14D6AD1500684485 /* Knob.h */,
				EA4CBCC014D6AD1500684485 /* LabeledControl.h */,
				EA4CBCC114D6AD1500684485 /* List.h */,
				EA4CBCC214D6AD1500684485 /* Menu.h */,
				EA4CBCC314D6AD1500684485 /* MenuBar.h */,
				EA4CBCC414D6AD1500684485 /* MenuItem.h */,
				EA4CBCC514D6AD1500684485 /* Meter.h */,
				EA4CBCC614D6AD1500684485 /* Pane.h */,
				EA4CBCC714D6AD1500684485 /* Panner.h */,
				EA4CBCC814D6AD1500684485 /* PushButton.h */,
				EA4CBCC914D6AD1500684485 /* SegmentedControl.h */,
				EA4CBCCA14D6AD1500684485 /* Slider.h */,
				EA4CBCCB14D6AD1500684485 /* Slider2D.h */,
				EA4CBCCC14D6AD1500684485 /* Text.h */,
				EA4CBCCD14D6AD1500684485 /* TextField.h */,
				EA4CBCCE14D6AD1500684485 /* Title.h */,
				EA4CBCCF14D6AD1500684485 /* Toggle.h */,
				EA4CBCD014D6AD1500684485 /* VU.h */,
			);
			path = controls;
			sourceTree = "<group>";
		};
		EA8E871714C492ED00940115 /* ofxKinect */ = {
			isa = PBXGroup;
			children = (
				EA8E871814C492ED00940115 /* libs */,
				EA8E876314C492ED00940115 /* src */,
			);
			name = ofxKinect;
			path = ../../../addons/ofxKinect;
			sourceTree = "<group>";
		};
		EA8E871814C492ED00940115 /* libs */ = {
			isa = PBXGroup;
			children = (
				EA8E871914C492ED00940115 /* libfreenect */,
				EA8E872A14C492ED00940115 /* libusb */,
			);
			path = libs;
			sourceTree = "<group>";
		};
		EA8E871914C492ED00940115 /* libfreenect */ = {
			isa = PBXGroup;
			children = (
				EA8E871A14C492ED00940115 /* cameras.c */,
				EA8E871B14C492ED00940115 /* cameras.h */,
				EA8E871C14C492ED00940115 /* core.c */,
				EA8E871D14C492ED00940115 /* freenect_internal.h */,
				EA8E871E14C492ED00940115 /* lib */,
				EA8E872214C492ED00940115 /* libfreenect-registration.h */,
				EA8E872314C492ED00940115 /* libfreenect.h */,
				EA8E872414C492ED00940115 /* libfreenect.pc.in */,
				EA8E872514C492ED00940115 /* registration.c */,
				EA8E872614C492ED00940115 /* registration.h */,
				EA8E872714C492ED00940115 /* tilt.c */,
				EA8E872814C492ED00940115 /* usb_libusb10.c */,
				EA8E872914C492ED00940115 /* usb_libusb10.h */,
			);
			path = libfreenect;
			sourceTree = "<group>";
		};
		EA8E871E14C492ED00940115 /* lib */ = {
			isa = PBXGroup;
			children = (
				EA8E871F14C492ED00940115 /* vs2010 */,
			);
			path = lib;
			sourceTree = "<group>";
		};
		EA8E871F14C492ED00940115 /* vs2010 */ = {
			isa = PBXGroup;
			children = (
				EA8E872014C492ED00940115 /* freenect.dll */,
				EA8E872114C492ED00940115 /* freenect.lib */,
			);
			path = vs2010;
			sourceTree = "<group>";
		};
		EA8E872A14C492ED00940115 /* libusb */ = {
			isa = PBXGroup;
			children = (
				EA8E872B14C492ED00940115 /* osx */,
				EA8E873114C492ED00940115 /* win */,
			);
			path = libusb;
			sourceTree = "<group>";
		};
		EA8E872B14C492ED00940115 /* osx */ = {
			isa = PBXGroup;
			children = (
				EA8E872C14C492ED00940115 /* include */,
				EA8E872F14C492ED00940115 /* libs */,
			);
			path = osx;
			sourceTree = "<group>";
		};
		EA8E872C14C492ED00940115 /* include */ = {
			isa = PBXGroup;
			children = (
				EA8E872D14C492ED00940115 /* libusb-1.0 */,
			);
			path = include;
			sourceTree = "<group>";
		};
		EA8E872D14C492ED00940115 /* libusb-1.0 */ = {
			isa = PBXGroup;
			children = (
				EA8E872E14C492ED00940115 /* libusb.h */,
			);
			path = "libusb-1.0";
			sourceTree = "<group>";
		};
		EA8E872F14C492ED00940115 /* libs */ = {
			isa = PBXGroup;
			children = (
				EA8E873014C492ED00940115 /* usb-1.0.a */,
			);
			path = libs;
			sourceTree = "<group>";
		};
		EA8E873114C492ED00940115 /* win */ = {
			isa = PBXGroup;
			children = (
				EA8E873214C492ED00940115 /* inf */,
			);
			path = win;
			sourceTree = "<group>";
		};
		EA8E873214C492ED00940115 /* inf */ = {
			isa = PBXGroup;
			children = (
				EA8E873314C492ED00940115 /* xbox nui audio */,
				EA8E874314C492ED00940115 /* xbox nui camera */,
				EA8E875314C492ED00940115 /* xbox nui motor */,
			);
			path = inf;
			sourceTree = "<group>";
		};
		EA8E873314C492ED00940115 /* xbox nui audio */ = {
			isa = PBXGroup;
			children = (
				EA8E873414C492ED00940115 /* amd64 */,
				EA8E873714C492ED00940115 /* ia64 */,
				EA8E873A14C492ED00940115 /* libusb-win32-bin-README.txt */,
				EA8E873B14C492ED00940115 /* license */,
				EA8E873E14C492ED00940115 /* x86 */,
				EA8E874114C492ED00940115 /* Xbox_NUI_Audio.cat */,
				EA8E874214C492ED00940115 /* Xbox_NUI_Audio.inf */,
			);
			path = "xbox nui audio";
			sourceTree = "<group>";
		};
		EA8E873414C492ED00940115 /* amd64 */ = {
			isa = PBXGroup;
			children = (
				EA8E873514C492ED00940115 /* libusb0.dll */,
				EA8E873614C492ED00940115 /* libusb0.sys */,
			);
			path = amd64;
			sourceTree = "<group>";
		};
		EA8E873714C492ED00940115 /* ia64 */ = {
			isa = PBXGroup;
			children = (
				EA8E873814C492ED00940115 /* libusb0.dll */,
				EA8E873914C492ED00940115 /* libusb0.sys */,
			);
			path = ia64;
			sourceTree = "<group>";
		};
		EA8E873B14C492ED00940115 /* license */ = {
			isa = PBXGroup;
			children = (
				EA8E873C14C492ED00940115 /* libusb-win32 */,
			);
			path = license;
			sourceTree = "<group>";
		};
		EA8E873C14C492ED00940115 /* libusb-win32 */ = {
			isa = PBXGroup;
			children = (
				EA8E873D14C492ED00940115 /* installer_license.txt */,
			);
			path = "libusb-win32";
			sourceTree = "<group>";
		};
		EA8E873E14C492ED00940115 /* x86 */ = {
			isa = PBXGroup;
			children = (
				EA8E873F14C492ED00940115 /* libusb0.sys */,
				EA8E874014C492ED00940115 /* libusb0_x86.dll */,
			);
			path = x86;
			sourceTree = "<group>";
		};
		EA8E874314C492ED00940115 /* xbox nui camera */ = {
			isa = PBXGroup;
			children = (
				EA8E874414C492ED00940115 /* amd64 */,
				EA8E874714C492ED00940115 /* ia64 */,
				EA8E874A14C492ED00940115 /* libusb-win32-bin-README.txt */,
				EA8E874B14C492ED00940115 /* license */,
				EA8E874E14C492ED00940115 /* x86 */,
				EA8E875114C492ED00940115 /* Xbox_NUI_Camera.cat */,
				EA8E875214C492ED00940115 /* Xbox_NUI_Camera.inf */,
			);
			path = "xbox nui camera";
			sourceTree = "<group>";
		};
		EA8E874414C492ED00940115 /* amd64 */ = {
			isa = PBXGroup;
			children = (
				EA8E874514C492ED00940115 /* libusb0.dll */,
				EA8E874614C492ED00940115 /* libusb0.sys */,
			);
			path = amd64;
			sourceTree = "<group>";
		};
		EA8E874714C492ED00940115 /* ia64 */ = {
			isa = PBXGroup;
			children = (
				EA8E874814C492ED00940115 /* libusb0.dll */,
				EA8E874914C492ED00940115 /* libusb0.sys */,
			);
			path = ia64;
			sourceTree = "<group>";
		};
		EA8E874B14C492ED00940115 /* license */ = {
			isa = PBXGroup;
			children = (
				EA8E874C14C492ED00940115 /* libusb-win32 */,
			);
			path = license;
			sourceTree = "<group>";
		};
		EA8E874C14C492ED00940115 /* libusb-win32 */ = {
			isa = PBXGroup;
			children = (
				EA8E874D14C492ED00940115 /* installer_license.txt */,
			);
			path = "libusb-win32";
			sourceTree = "<group>";
		};
		EA8E874E14C492ED00940115 /* x86 */ = {
			isa = PBXGroup;
			children = (
				EA8E874F14C492ED00940115 /* libusb0.sys */,
				EA8E875014C492ED00940115 /* libusb0_x86.dll */,
			);
			path = x86;
			sourceTree = "<group>";
		};
		EA8E875314C492ED00940115 /* xbox nui motor */ = {
			isa = PBXGroup;
			children = (
				EA8E875414C492ED00940115 /* amd64 */,
				EA8E875714C492ED00940115 /* ia64 */,
				EA8E875A14C492ED00940115 /* libusb-win32-bin-README.txt */,
				EA8E875B14C492ED00940115 /* license */,
				EA8E875E14C492ED00940115 /* x86 */,
				EA8E876114C492ED00940115 /* Xbox_NUI_Motor.cat */,
				EA8E876214C492ED00940115 /* Xbox_NUI_Motor.inf */,
			);
			path = "xbox nui motor";
			sourceTree = "<group>";
		};
		EA8E875414C492ED00940115 /* amd64 */ = {
			isa = PBXGroup;
			children = (
				EA8E875514C492ED00940115 /* libusb0.dll */,
				EA8E875614C492ED00940115 /* libusb0.sys */,
			);
			path = amd64;
			sourceTree = "<group>";
		};
		EA8E875714C492ED00940115 /* ia64 */ = {
			isa = PBXGroup;
			children = (
				EA8E875814C492ED00940115 /* libusb0.dll */,
				EA8E875914C492ED00940115 /* libusb0.sys */,
			);
			path = ia64;
			sourceTree = "<group>";
		};
		EA8E875B14C492ED00940115 /* license */ = {
			isa = PBXGroup;
			children = (
				EA8E875C14C492ED00940115 /* libusb-win32 */,
			);
			path = license;
			sourceTree = "<group>";
		};
		EA8E875C14C492ED00940115 /* libusb-win32 */ = {
			isa = PBXGroup;
			children = (
				EA8E875D14C492ED00940115 /* installer_license.txt */,
			);
			path = "libusb-win32";
			sourceTree = "<group>";
		};
		EA8E875E14C492ED00940115 /* x86 */ = {
			isa = PBXGroup;
			children = (
				EA8E875F14C492ED00940115 /* libusb0.sys */,
				EA8E876014C492ED00940115 /* libusb0_x86.dll */,
			);
			path = x86;
			sourceTree = "<group>";
		};
		EA8E876314C492ED00940115 /* src */ = {
			isa = PBXGroup;
			children = (
				EA8E876414C492ED00940115 /* ofxBase3DVideo.h */,
				EA8E876514C492ED00940115 /* ofxKinect.cpp */,
				EA8E876614C492ED00940115 /* ofxKinect.h */,
			);
			path = src;
			sourceTree = "<group>";
		};
		EA8E87A714C492ED00940115 /* ofxXmlSettings */ = {
			isa = PBXGroup;
			children = (
				EA8E87A814C492ED00940115 /* install.xml */,
				EA8E87A914C492ED00940115 /* libs */,
				EA8E87AE14C492ED00940115 /* src */,
			);
			name = ofxXmlSettings;
			path = ../../../addons/ofxXmlSettings;
			sourceTree = "<group>";
		};
		EA8E87A914C492ED00940115 /* libs */ = {
			isa = PBXGroup;
			children = (
				EA8E87AA14C492ED00940115 /* tinyxml.cpp */,
				EA8E87AB14C492ED00940115 /* tinyxml.h */,
				EA8E87AC14C492ED00940115 /* tinyxmlerror.cpp */,
				EA8E87AD14C492ED00940115 /* tinyxmlparser.cpp */,
			);
			path = libs;
			sourceTree = "<group>";
		};
		EA8E87AE14C492ED00940115 /* src */ = {
			isa = PBXGroup;
			children = (
				EA8E87AF14C492ED00940115 /* ofxXmlSettings.cpp */,
				EA8E87B014C492ED00940115 /* ofxXmlSettings.h */,
			);
			path = src;
			sourceTree = "<group>";
		};
		EA8E87D114C492F300940115 /* ofxOsc */ = {
			isa = PBXGroup;
			children = (
				EA8E87D214C492F300940115 /* install.xml */,
				EA8E87D314C492F300940115 /* libs */,
				EA8E87E814C492F300940115 /* src */,
			);
			name = ofxOsc;
			path = ../../../addons/ofxOsc;
			sourceTree = "<group>";
		};
		EA8E87D314C492F300940115 /* libs */ = {
			isa = PBXGroup;
			children = (
				EA8E87D414C492F300940115 /* oscpack */,
			);
			path = libs;
			sourceTree = "<group>";
		};
		EA8E87D414C492F300940115 /* oscpack */ = {
			isa = PBXGroup;
			children = (
				EA8E87D514C492F300940115 /* include */,
				EA8E87E514C492F300940115 /* lib */,
			);
			path = oscpack;
			sourceTree = "<group>";
		};
		EA8E87D514C492F300940115 /* include */ = {
			isa = PBXGroup;
			children = (
				EA8E87D614C492F300940115 /* ip */,
				EA8E87DC14C492F300940115 /* osc */,
			);
			path = include;
			sourceTree = "<group>";
		};
		EA8E87D614C492F300940115 /* ip */ = {
			isa = PBXGroup;
			children = (
				EA8E87D714C492F300940115 /* IpEndpointName.h */,
				EA8E87D814C492F300940115 /* NetworkingUtils.h */,
				EA8E87D914C492F300940115 /* PacketListener.h */,
				EA8E87DA14C492F300940115 /* TimerListener.h */,
				EA8E87DB14C492F300940115 /* UdpSocket.h */,
			);
			path = ip;
			sourceTree = "<group>";
		};
		EA8E87DC14C492F300940115 /* osc */ = {
			isa = PBXGroup;
			children = (
				EA8E87DD14C492F300940115 /* MessageMappingOscPacketListener.h */,
				EA8E87DE14C492F300940115 /* OscException.h */,
				EA8E87DF14C492F300940115 /* OscHostEndianness.h */,
				EA8E87E014C492F300940115 /* OscOutboundPacketStream.h */,
				EA8E87E114C492F300940115 /* OscPacketListener.h */,
				EA8E87E214C492F300940115 /* OscPrintReceivedElements.h */,
				EA8E87E314C492F300940115 /* OscReceivedElements.h */,
				EA8E87E414C492F300940115 /* OscTypes.h */,
			);
			path = osc;
			sourceTree = "<group>";
		};
		EA8E87E514C492F300940115 /* lib */ = {
			isa = PBXGroup;
			children = (
				EA8E87E614C492F300940115 /* osx */,
			);
			path = lib;
			sourceTree = "<group>";
		};
		EA8E87E614C492F300940115 /* osx */ = {
			isa = PBXGroup;
			children = (
				EA8E87E714C492F300940115 /* osc.a */,
			);
			path = osx;
			sourceTree = "<group>";
		};
		EA8E87E814C492F300940115 /* src */ = {
			isa = PBXGroup;
			children = (
				EA8E87E914C492F300940115 /* ofxOsc.h */,
				EA8E87EA14C492F300940115 /* ofxOscArg.h */,
				EA8E87EB14C492F300940115 /* ofxOscBundle.cpp */,
				EA8E87EC14C492F300940115 /* ofxOscBundle.h */,
				EA8E87ED14C492F300940115 /* ofxOscMessage.cpp */,
				EA8E87EE14C492F300940115 /* ofxOscMessage.h */,
				EA8E87EF14C492F300940115 /* ofxOscReceiver.cpp */,
				EA8E87F014C492F300940115 /* ofxOscReceiver.h */,
				EA8E87F114C492F300940115 /* ofxOscSender.cpp */,
				EA8E87F214C492F300940115 /* ofxOscSender.h */,
			);
			path = src;
			sourceTree = "<group>";
		};
		EA8E87F814C4967B00940115 /* ofxOpenCv */ = {
			isa = PBXGroup;
			children = (
				EA8E87F914C4967B00940115 /* install.xml */,
				EA8E87FA14C4967B00940115 /* libs */,
				EA8E885014C4967B00940115 /* src */,
			);
			name = ofxOpenCv;
			path = ../../../addons/ofxOpenCv;
			sourceTree = "<group>";
		};
		EA8E87FA14C4967B00940115 /* libs */ = {
			isa = PBXGroup;
			children = (
				EA8E87FB14C4967B00940115 /* opencv */,
			);
			path = libs;
			sourceTree = "<group>";
		};
		EA8E87FB14C4967B00940115 /* opencv */ = {
			isa = PBXGroup;
			children = (
				EA8E87FC14C4967B00940115 /* include */,
				EA8E884D14C4967B00940115 /* lib */,
			);
			path = opencv;
			sourceTree = "<group>";
		};
		EA8E87FC14C4967B00940115 /* include */ = {
			isa = PBXGroup;
			children = (
				EA8E87FD14C4967B00940115 /* opencv */,
				EA8E880914C4967B00940115 /* opencv2 */,
			);
			path = include;
			sourceTree = "<group>";
		};
		EA8E87FD14C4967B00940115 /* opencv */ = {
			isa = PBXGroup;
			children = (
				EA8E87FE14C4967B00940115 /* cv.h */,
				EA8E87FF14C4967B00940115 /* cv.hpp */,
				EA8E880014C4967B00940115 /* cvaux.h */,
				EA8E880114C4967B00940115 /* cvaux.hpp */,
				EA8E880214C4967B00940115 /* cvwimage.h */,
				EA8E880314C4967B00940115 /* cxcore.h */,
				EA8E880414C4967B00940115 /* cxcore.hpp */,
				EA8E880514C4967B00940115 /* cxeigen.hpp */,
				EA8E880614C4967B00940115 /* cxmisc.h */,
				EA8E880714C4967B00940115 /* highgui.h */,
				EA8E880814C4967B00940115 /* ml.h */,
			);
			path = opencv;
			sourceTree = "<group>";
		};
		EA8E880914C4967B00940115 /* opencv2 */ = {
			isa = PBXGroup;
			children = (
				EA8E880A14C4967B00940115 /* calib3d */,
				EA8E880C14C4967B00940115 /* contrib */,
				EA8E880E14C4967B00940115 /* core */,
				EA8E881814C4967B00940115 /* features2d */,
				EA8E881A14C4967B00940115 /* flann */,
				EA8E883414C4967B00940115 /* gpu */,
				EA8E883914C4967B00940115 /* highgui */,
				EA8E883C14C4967B00940115 /* imgproc */,
				EA8E884014C4967B00940115 /* legacy */,
				EA8E884514C4967B00940115 /* ml */,
				EA8E884714C4967B00940115 /* objdetect */,
				EA8E884914C4967B00940115 /* opencv.hpp */,
				EA8E884A14C4967B00940115 /* video */,
			);
			path = opencv2;
			sourceTree = "<group>";
		};
		EA8E880A14C4967B00940115 /* calib3d */ = {
			isa = PBXGroup;
			children = (
				EA8E880B14C4967B00940115 /* calib3d.hpp */,
			);
			path = calib3d;
			sourceTree = "<group>";
		};
		EA8E880C14C4967B00940115 /* contrib */ = {
			isa = PBXGroup;
			children = (
				EA8E880D14C4967B00940115 /* contrib.hpp */,
			);
			path = contrib;
			sourceTree = "<group>";
		};
		EA8E880E14C4967B00940115 /* core */ = {
			isa = PBXGroup;
			children = (
				EA8E880F14C4967B00940115 /* core.hpp */,
				EA8E881014C4967B00940115 /* core_c.h */,
				EA8E881114C4967B00940115 /* eigen.hpp */,
				EA8E881214C4967B00940115 /* internal.hpp */,
				EA8E881314C4967B00940115 /* mat.hpp */,
				EA8E881414C4967B00940115 /* operations.hpp */,
				EA8E881514C4967B00940115 /* types_c.h */,
				EA8E881614C4967B00940115 /* version.hpp */,
				EA8E881714C4967B00940115 /* wimage.hpp */,
			);
			path = core;
			sourceTree = "<group>";
		};
		EA8E881814C4967B00940115 /* features2d */ = {
			isa = PBXGroup;
			children = (
				EA8E881914C4967B00940115 /* features2d.hpp */,
			);
			path = features2d;
			sourceTree = "<group>";
		};
		EA8E881A14C4967B00940115 /* flann */ = {
			isa = PBXGroup;
			children = (
				EA8E881B14C4967B00940115 /* all_indices.h */,
				EA8E881C14C4967B00940115 /* allocator.h */,
				EA8E881D14C4967B00940115 /* autotuned_index.h */,
				EA8E881E14C4967B00940115 /* composite_index.h */,
				EA8E881F14C4967B00940115 /* dist.h */,
				EA8E882014C4967B00940115 /* flann.hpp */,
				EA8E882114C4967B00940115 /* flann_base.hpp */,
				EA8E882214C4967B00940115 /* general.h */,
				EA8E882314C4967B00940115 /* ground_truth.h */,
				EA8E882414C4967B00940115 /* hdf5.h */,
				EA8E882514C4967B00940115 /* heap.h */,
				EA8E882614C4967B00940115 /* index_testing.h */,
				EA8E882714C4967B00940115 /* kdtree_index.h */,
				EA8E882814C4967B00940115 /* kmeans_index.h */,
				EA8E882914C4967B00940115 /* linear_index.h */,
				EA8E882A14C4967B00940115 /* logger.h */,
				EA8E882B14C4967B00940115 /* matrix.h */,
				EA8E882C14C4967B00940115 /* nn_index.h */,
				EA8E882D14C4967B00940115 /* object_factory.h */,
				EA8E882E14C4967B00940115 /* random.h */,
				EA8E882F14C4967B00940115 /* result_set.h */,
				EA8E883014C4967B00940115 /* sampling.h */,
				EA8E883114C4967B00940115 /* saving.h */,
				EA8E883214C4967B00940115 /* simplex_downhill.h */,
				EA8E883314C4967B00940115 /* timer.h */,
			);
			path = flann;
			sourceTree = "<group>";
		};
		EA8E883414C4967B00940115 /* gpu */ = {
			isa = PBXGroup;
			children = (
				EA8E883514C4967B00940115 /* devmem2d.hpp */,
				EA8E883614C4967B00940115 /* gpu.hpp */,
				EA8E883714C4967B00940115 /* matrix_operations.hpp */,
				EA8E883814C4967B00940115 /* stream_accessor.hpp */,
			);
			path = gpu;
			sourceTree = "<group>";
		};
		EA8E883914C4967B00940115 /* highgui */ = {
			isa = PBXGroup;
			children = (
				EA8E883A14C4967B00940115 /* highgui.hpp */,
				EA8E883B14C4967B00940115 /* highgui_c.h */,
			);
			path = highgui;
			sourceTree = "<group>";
		};
		EA8E883C14C4967B00940115 /* imgproc */ = {
			isa = PBXGroup;
			children = (
				EA8E883D14C4967B00940115 /* imgproc.hpp */,
				EA8E883E14C4967B00940115 /* imgproc_c.h */,
				EA8E883F14C4967B00940115 /* types_c.h */,
			);
			path = imgproc;
			sourceTree = "<group>";
		};
		EA8E884014C4967B00940115 /* legacy */ = {
			isa = PBXGroup;
			children = (
				EA8E884114C4967B00940115 /* blobtrack.hpp */,
				EA8E884214C4967B00940115 /* compat.hpp */,
				EA8E884314C4967B00940115 /* legacy.hpp */,
				EA8E884414C4967B00940115 /* streams.hpp */,
			);
			path = legacy;
			sourceTree = "<group>";
		};
		EA8E884514C4967B00940115 /* ml */ = {
			isa = PBXGroup;
			children = (
				EA8E884614C4967B00940115 /* ml.hpp */,
			);
			path = ml;
			sourceTree = "<group>";
		};
		EA8E884714C4967B00940115 /* objdetect */ = {
			isa = PBXGroup;
			children = (
				EA8E884814C4967B00940115 /* objdetect.hpp */,
			);
			path = objdetect;
			sourceTree = "<group>";
		};
		EA8E884A14C4967B00940115 /* video */ = {
			isa = PBXGroup;
			children = (
				EA8E884B14C4967B00940115 /* background_segm.hpp */,
				EA8E884C14C4967B00940115 /* tracking.hpp */,
			);
			path = video;
			sourceTree = "<group>";
		};
		EA8E884D14C4967B00940115 /* lib */ = {
			isa = PBXGroup;
			children = (
				EA8E884E14C4967B00940115 /* osx */,
			);
			path = lib;
			sourceTree = "<group>";
		};
		EA8E884E14C4967B00940115 /* osx */ = {
			isa = PBXGroup;
			children = (
				EA8E884F14C4967B00940115 /* opencv.a */,
			);
			path = osx;
			sourceTree = "<group>";
		};
		EA8E885014C4967B00940115 /* src */ = {
			isa = PBXGroup;
			children = (
				EA8E885114C4967B00940115 /* ofxCvBlob.h */,
				EA8E885214C4967B00940115 /* ofxCvColorImage.cpp */,
				EA8E885314C4967B00940115 /* ofxCvColorImage.h */,
				EA8E885414C4967B00940115 /* ofxCvConstants.h */,
				EA8E885514C4967B00940115 /* ofxCvContourFinder.cpp */,
				EA8E885614C4967B00940115 /* ofxCvContourFinder.h */,
				EA8E885714C4967B00940115 /* ofxCvFloatImage.cpp */,
				EA8E885814C4967B00940115 /* ofxCvFloatImage.h */,
				EA8E885914C4967B00940115 /* ofxCvGrayscaleImage.cpp */,
				EA8E885A14C4967B00940115 /* ofxCvGrayscaleImage.h */,
				EA8E885B14C4967B00940115 /* ofxCvHaarFinder.cpp */,
				EA8E885C14C4967B00940115 /* ofxCvHaarFinder.h */,
				EA8E885D14C4967B00940115 /* ofxCvImage.cpp */,
				EA8E885E14C4967B00940115 /* ofxCvImage.h */,
				EA8E885F14C4967B00940115 /* ofxCvMain.h */,
				EA8E886014C4967B00940115 /* ofxCvShortImage.cpp */,
				EA8E886114C4967B00940115 /* ofxCvShortImage.h */,
				EA8E886214C4967B00940115 /* ofxOpenCv.h */,
			);
			path = src;
			sourceTree = "<group>";
		};
		EAC8150E14D6AF2600595518 /* framework */ = {
			isa = PBXGroup;
			children = (
				EAC8150F14D6AF2600595518 /* Container.cpp */,
				EAC8151014D6AF2600595518 /* Container.h */,
				EAC8151114D6AF2600595518 /* Control.cpp */,
				EAC8151214D6AF2600595518 /* Control.h */,
				EAC8151314D6AF2600595518 /* Controls.cpp */,
				EAC8151414D6AF2600595518 /* GridSequence.h */,
				EAC8151514D6AF2600595518 /* Gui.cpp */,
				EAC8151614D6AF2600595518 /* Gui.h */,
				EAC8151714D6AF2600595518 /* Instantiator.cpp */,
				EAC8151814D6AF2600595518 /* Instantiator.h */,
				EAC8151914D6AF2600595518 /* Listener.h */,
				EAC8151A14D6AF2600595518 /* ofGuiEventDispatcher.cpp */,
				EAC8151B14D6AF2600595518 /* ofGuiEventDispatcher.h */,
				EAC8151C14D6AF2600595518 /* ofxXmlGui.h */,
				EAC8151D14D6AF2600595518 /* ParameterInfo.h */,
				EAC8151E14D6AF2600595518 /* Resources.cpp */,
				EAC8151F14D6AF2600595518 /* Resources.h */,
			);
			path = framework;
			sourceTree = "<group>";
		};
		EAC8152714D6D82600595518 /* ofxOpenCVExtensions */ = {
			isa = PBXGroup;
			children = (
				EAC8152814D6D82600595518 /* src */,
			);
			name = ofxOpenCVExtensions;
			path = ../../../addons/ofxOpenCVExtensions;
			sourceTree = "<group>";
		};
		EAC8152814D6D82600595518 /* src */ = {
			isa = PBXGroup;
			children = (
				EAC8152914D6D82600595518 /* CPUImageFilter.cpp */,
				EAC8152A14D6D82600595518 /* CPUImageFilter.h */,
				EAC8152B14D6D82600595518 /* ofxCvBlobTracker.cpp */,
				EAC8152C14D6D82600595518 /* ofxCvBlobTracker.h */,
				EAC8152D14D6D82600595518 /* ofxCvConstants_Track.h */,
				EAC8152E14D6D82600595518 /* ofxCvCoordWarping.cpp */,
				EAC8152F14D6D82600595518 /* ofxCvCoordWarping.h */,
				EAC8153214D6D82600595518 /* ofxCvOpticalFlowLK.cpp */,
				EAC8153314D6D82600595518 /* ofxCvOpticalFlowLK.h */,
				EAC8153414D6D82600595518 /* ofxCvTrackedBlob.h */,
			);
			path = src;
			sourceTree = "<group>";
		};
/* End PBXGroup section */

/* Begin PBXNativeTarget section */
		E4B69B5A0A3A1756003C02F2 /* WailWell */ = {
			isa = PBXNativeTarget;
			buildConfigurationList = E4B69B5F0A3A1757003C02F2 /* Build configuration list for PBXNativeTarget "WailWell" */;
			buildPhases = (
				E4B69B580A3A1756003C02F2 /* Sources */,
				E4B69B590A3A1756003C02F2 /* Frameworks */,
				E4B6FFFD0C3F9AB9008CF71C /* ShellScript */,
				E4C2427710CC5ABF004149E2 /* CopyFiles */,
			);
			buildRules = (
			);
			dependencies = (
				E4EEB9AC138B136A00A80321 /* PBXTargetDependency */,
			);
			name = WailWell;
			productName = myOFApp;
			productReference = E4B69B5B0A3A1756003C02F2 /* WailWellDebug.app */;
			productType = "com.apple.product-type.application";
		};
/* End PBXNativeTarget section */

/* Begin PBXProject section */
		E4B69B4C0A3A1720003C02F2 /* Project object */ = {
			isa = PBXProject;
			buildConfigurationList = E4B69B4D0A3A1720003C02F2 /* Build configuration list for PBXProject "WailWell" */;
			compatibilityVersion = "Xcode 2.4";
			developmentRegion = English;
			hasScannedForEncodings = 0;
			knownRegions = (
				English,
				Japanese,
				French,
				German,
			);
			mainGroup = E4B69B4A0A3A1720003C02F2;
			productRefGroup = E4B69B4A0A3A1720003C02F2;
			projectDirPath = "";
			projectReferences = (
				{
					ProductGroup = E4328144138ABC890047C5CB /* Products */;
					ProjectRef = E4328143138ABC890047C5CB /* openFrameworksLib.xcodeproj */;
				},
			);
			projectRoot = "";
			targets = (
				E4B69B5A0A3A1756003C02F2 /* WailWell */,
			);
		};
/* End PBXProject section */

/* Begin PBXReferenceProxy section */
		E4328148138ABC890047C5CB /* openFrameworksDebug.a */ = {
			isa = PBXReferenceProxy;
			fileType = archive.ar;
			path = openFrameworksDebug.a;
			remoteRef = E4328147138ABC890047C5CB /* PBXContainerItemProxy */;
			sourceTree = BUILT_PRODUCTS_DIR;
		};
/* End PBXReferenceProxy section */

/* Begin PBXShellScriptBuildPhase section */
		E4B6FFFD0C3F9AB9008CF71C /* ShellScript */ = {
			isa = PBXShellScriptBuildPhase;
			buildActionMask = 2147483647;
			files = (
			);
			inputPaths = (
			);
			outputPaths = (
			);
			runOnlyForDeploymentPostprocessing = 0;
			shellPath = /bin/sh;
			shellScript = "cp -f ../../../libs/fmodex/lib/osx/libfmodex.dylib \"$TARGET_BUILD_DIR/$PRODUCT_NAME.app/Contents/MacOS/libfmodex.dylib\"; install_name_tool -change ./libfmodex.dylib @executable_path/libfmodex.dylib \"$TARGET_BUILD_DIR/$PRODUCT_NAME.app/Contents/MacOS/$PRODUCT_NAME\";";
		};
/* End PBXShellScriptBuildPhase section */

/* Begin PBXSourcesBuildPhase section */
		E4B69B580A3A1756003C02F2 /* Sources */ = {
			isa = PBXSourcesBuildPhase;
			buildActionMask = 2147483647;
			files = (
				E4B69E200A3A1BDC003C02F2 /* main.cpp in Sources */,
				E4B69E210A3A1BDC003C02F2 /* testApp.cpp in Sources */,
				EA8E87B114C492ED00940115 /* cameras.c in Sources */,
				EA8E87B214C492ED00940115 /* core.c in Sources */,
				EA8E87B414C492ED00940115 /* registration.c in Sources */,
				EA8E87B514C492ED00940115 /* tilt.c in Sources */,
				EA8E87B614C492ED00940115 /* usb_libusb10.c in Sources */,
				EA8E87B814C492EE00940115 /* ofxKinect.cpp in Sources */,
				EA8E87CD14C492EE00940115 /* tinyxml.cpp in Sources */,
				EA8E87CE14C492EE00940115 /* tinyxmlerror.cpp in Sources */,
				EA8E87CF14C492EE00940115 /* tinyxmlparser.cpp in Sources */,
				EA8E87D014C492EE00940115 /* ofxXmlSettings.cpp in Sources */,
				EA8E87F414C492F400940115 /* ofxOscBundle.cpp in Sources */,
				EA8E87F514C492F400940115 /* ofxOscMessage.cpp in Sources */,
				EA8E87F614C492F400940115 /* ofxOscReceiver.cpp in Sources */,
				EA8E87F714C492F400940115 /* ofxOscSender.cpp in Sources */,
				EA8E886414C4967B00940115 /* ofxCvColorImage.cpp in Sources */,
				EA8E886514C4967B00940115 /* ofxCvContourFinder.cpp in Sources */,
				EA8E886614C4967B00940115 /* ofxCvFloatImage.cpp in Sources */,
				EA8E886714C4967B00940115 /* ofxCvGrayscaleImage.cpp in Sources */,
				EA8E886814C4967B00940115 /* ofxCvHaarFinder.cpp in Sources */,
				EA8E886914C4967B00940115 /* ofxCvImage.cpp in Sources */,
				EA8E886A14C4967B00940115 /* ofxCvShortImage.cpp in Sources */,
				EAC8152014D6AF2600595518 /* Container.cpp in Sources */,
				EAC8152114D6AF2600595518 /* Control.cpp in Sources */,
				EAC8152214D6AF2600595518 /* Controls.cpp in Sources */,
				EAC8152314D6AF2600595518 /* Gui.cpp in Sources */,
				EAC8152414D6AF2600595518 /* Instantiator.cpp in Sources */,
				EAC8152514D6AF2600595518 /* ofGuiEventDispatcher.cpp in Sources */,
				EAC8152614D6AF2600595518 /* Resources.cpp in Sources */,
				EAC8153514D6D82600595518 /* CPUImageFilter.cpp in Sources */,
				EAC8153614D6D82600595518 /* ofxCvBlobTracker.cpp in Sources */,
				EAC8153714D6D82600595518 /* ofxCvCoordWarping.cpp in Sources */,
				EAC8153914D6D82600595518 /* ofxCvOpticalFlowLK.cpp in Sources */,
			);
			runOnlyForDeploymentPostprocessing = 0;
		};
/* End PBXSourcesBuildPhase section */

/* Begin PBXTargetDependency section */
		E4EEB9AC138B136A00A80321 /* PBXTargetDependency */ = {
			isa = PBXTargetDependency;
			name = openFrameworks;
			targetProxy = E4EEB9AB138B136A00A80321 /* PBXContainerItemProxy */;
		};
/* End PBXTargetDependency section */

/* Begin XCBuildConfiguration section */
		E4B69B4E0A3A1720003C02F2 /* Debug */ = {
			isa = XCBuildConfiguration;
			baseConfigurationReference = E4EB6923138AFD0F00A09F29 /* Project.xcconfig */;
			buildSettings = {
				ARCHS = "$(ARCHS_STANDARD_32_BIT_PRE_XCODE_3_1)";
				ARCHS_STANDARD_32_BIT_PRE_XCODE_3_1 = "ppc i386";
				CONFIGURATION_BUILD_DIR = "$(SRCROOT)/bin/";
				COPY_PHASE_STRIP = NO;
				DEAD_CODE_STRIPPING = YES;
				GCC_AUTO_VECTORIZATION = YES;
				GCC_ENABLE_SSE3_EXTENSIONS = YES;
				GCC_ENABLE_SUPPLEMENTAL_SSE3_INSTRUCTIONS = YES;
				GCC_INLINES_ARE_PRIVATE_EXTERN = NO;
				GCC_MODEL_TUNING = G5;
				GCC_SYMBOLS_PRIVATE_EXTERN = NO;
				GCC_WARN_ABOUT_DEPRECATED_FUNCTIONS = NO;
				GCC_WARN_ABOUT_INVALID_OFFSETOF_MACRO = NO;
				GCC_WARN_ALLOW_INCOMPLETE_PROTOCOL = NO;
				GCC_WARN_UNINITIALIZED_AUTOS = NO;
				GCC_WARN_UNUSED_VALUE = NO;
				GCC_WARN_UNUSED_VARIABLE = NO;
				OTHER_CPLUSPLUSFLAGS = (
					"-D__MACOSX_CORE__",
					"-lpthread",
				);
				SDKROOT = "$(DEVELOPER_SDK_DIR)/MacOSX10.6.sdk";
			};
			name = Debug;
		};
		E4B69B4F0A3A1720003C02F2 /* Release */ = {
			isa = XCBuildConfiguration;
			baseConfigurationReference = E4EB6923138AFD0F00A09F29 /* Project.xcconfig */;
			buildSettings = {
				ARCHS = "$(ARCHS_STANDARD_32_BIT_PRE_XCODE_3_1)";
				ARCHS_STANDARD_32_BIT_PRE_XCODE_3_1 = "ppc i386";
				CONFIGURATION_BUILD_DIR = "$(SRCROOT)/bin/";
				COPY_PHASE_STRIP = YES;
				DEAD_CODE_STRIPPING = YES;
				GCC_AUTO_VECTORIZATION = YES;
				GCC_ENABLE_SSE3_EXTENSIONS = YES;
				GCC_ENABLE_SUPPLEMENTAL_SSE3_INSTRUCTIONS = YES;
				GCC_INLINES_ARE_PRIVATE_EXTERN = NO;
				GCC_MODEL_TUNING = G5;
				GCC_OPTIMIZATION_LEVEL = 3;
				GCC_SYMBOLS_PRIVATE_EXTERN = NO;
				GCC_UNROLL_LOOPS = YES;
				GCC_WARN_ABOUT_DEPRECATED_FUNCTIONS = NO;
				GCC_WARN_ABOUT_INVALID_OFFSETOF_MACRO = NO;
				GCC_WARN_ALLOW_INCOMPLETE_PROTOCOL = NO;
				GCC_WARN_UNINITIALIZED_AUTOS = NO;
				GCC_WARN_UNUSED_VALUE = NO;
				GCC_WARN_UNUSED_VARIABLE = NO;
				OTHER_CPLUSPLUSFLAGS = (
					"-D__MACOSX_CORE__",
					"-lpthread",
				);
				SDKROOT = "$(DEVELOPER_SDK_DIR)/MacOSX10.6.sdk";
			};
			name = Release;
		};
		E4B69B600A3A1757003C02F2 /* Debug */ = {
			isa = XCBuildConfiguration;
			buildSettings = {
				ARCHS = "$(ARCHS_STANDARD_32_BIT_PRE_XCODE_3_1)";
				ARCHS_STANDARD_32_BIT_PRE_XCODE_3_1 = "ppc i386";
				COPY_PHASE_STRIP = NO;
				FRAMEWORK_SEARCH_PATHS = (
					"$(inherited)",
					"$(FRAMEWORK_SEARCH_PATHS_QUOTED_FOR_TARGET_1)",
				);
				FRAMEWORK_SEARCH_PATHS_QUOTED_FOR_TARGET_1 = "\"$(SRCROOT)/../../../libs/glut/lib/osx\"";
				GCC_DYNAMIC_NO_PIC = NO;
				GCC_ENABLE_FIX_AND_CONTINUE = YES;
				GCC_GENERATE_DEBUGGING_SYMBOLS = YES;
				GCC_MODEL_TUNING = G4;
				GCC_PRECOMPILE_PREFIX_HEADER = YES;
				GCC_PREFIX_HEADER = "$(SYSTEM_LIBRARY_DIR)/Frameworks/Carbon.framework/Headers/Carbon.h";
				INFOPLIST_FILE = "openFrameworks-Info.plist";
				INSTALL_PATH = "$(HOME)/Applications";
				LIBRARY_SEARCH_PATHS = (
					"$(inherited)",
					"$(LIBRARY_SEARCH_PATHS_QUOTED_FOR_TARGET_1)",
					"$(LIBRARY_SEARCH_PATHS_QUOTED_FOR_TARGET_2)",
					"$(LIBRARY_SEARCH_PATHS_QUOTED_FOR_TARGET_3)",
					"$(LIBRARY_SEARCH_PATHS_QUOTED_FOR_TARGET_4)",
					"$(LIBRARY_SEARCH_PATHS_QUOTED_FOR_TARGET_5)",
					"$(LIBRARY_SEARCH_PATHS_QUOTED_FOR_TARGET_6)",
					"$(LIBRARY_SEARCH_PATHS_QUOTED_FOR_TARGET_7)",
					"$(LIBRARY_SEARCH_PATHS_QUOTED_FOR_TARGET_8)",
					"$(LIBRARY_SEARCH_PATHS_QUOTED_FOR_TARGET_9)",
					"$(LIBRARY_SEARCH_PATHS_QUOTED_FOR_TARGET_10)",
					"$(LIBRARY_SEARCH_PATHS_QUOTED_FOR_TARGET_11)",
					"$(LIBRARY_SEARCH_PATHS_QUOTED_FOR_TARGET_12)",
					"$(LIBRARY_SEARCH_PATHS_QUOTED_FOR_TARGET_13)",
					"$(LIBRARY_SEARCH_PATHS_QUOTED_FOR_TARGET_14)",
					"$(LIBRARY_SEARCH_PATHS_QUOTED_FOR_TARGET_15)",
					"$(LIBRARY_SEARCH_PATHS_QUOTED_FOR_TARGET_2)",
					"$(LIBRARY_SEARCH_PATHS_QUOTED_FOR_TARGET_3)",
					"$(LIBRARY_SEARCH_PATHS_QUOTED_FOR_TARGET_7)",
					"$(LIBRARY_SEARCH_PATHS_QUOTED_FOR_TARGET_8)",
					"$(LIBRARY_SEARCH_PATHS_QUOTED_FOR_TARGET_9)",
					"$(LIBRARY_SEARCH_PATHS_QUOTED_FOR_TARGET_10)",
					"$(LIBRARY_SEARCH_PATHS_QUOTED_FOR_TARGET_11)",
					"$(LIBRARY_SEARCH_PATHS_QUOTED_FOR_TARGET_12)",
					"$(LIBRARY_SEARCH_PATHS_QUOTED_FOR_TARGET_13)",
					"$(LIBRARY_SEARCH_PATHS_QUOTED_FOR_TARGET_16)",
					"$(LIBRARY_SEARCH_PATHS_QUOTED_FOR_TARGET_17)",
					"$(LIBRARY_SEARCH_PATHS_QUOTED_FOR_TARGET_18)",
					"$(LIBRARY_SEARCH_PATHS_QUOTED_FOR_TARGET_19)",
					"$(LIBRARY_SEARCH_PATHS_QUOTED_FOR_TARGET_20)",
					"$(LIBRARY_SEARCH_PATHS_QUOTED_FOR_TARGET_21)",
					"$(LIBRARY_SEARCH_PATHS_QUOTED_FOR_TARGET_22)",
					"$(LIBRARY_SEARCH_PATHS_QUOTED_FOR_TARGET_23)",
					"$(LIBRARY_SEARCH_PATHS_QUOTED_FOR_TARGET_24)",
					"$(LIBRARY_SEARCH_PATHS_QUOTED_FOR_TARGET_25)",
					"$(LIBRARY_SEARCH_PATHS_QUOTED_FOR_TARGET_26)",
					"$(LIBRARY_SEARCH_PATHS_QUOTED_FOR_TARGET_27)",
					"$(LIBRARY_SEARCH_PATHS_QUOTED_FOR_TARGET_28)",
					"$(LIBRARY_SEARCH_PATHS_QUOTED_FOR_TARGET_29)",
					"$(LIBRARY_SEARCH_PATHS_QUOTED_FOR_TARGET_30)",
					"$(LIBRARY_SEARCH_PATHS_QUOTED_FOR_TARGET_31)",
					"$(LIBRARY_SEARCH_PATHS_QUOTED_FOR_TARGET_32)",
					"$(LIBRARY_SEARCH_PATHS_QUOTED_FOR_TARGET_33)",
					"$(LIBRARY_SEARCH_PATHS_QUOTED_FOR_TARGET_34)",
					"$(LIBRARY_SEARCH_PATHS_QUOTED_FOR_TARGET_35)",
					"$(LIBRARY_SEARCH_PATHS_QUOTED_FOR_TARGET_36)",
					"$(LIBRARY_SEARCH_PATHS_QUOTED_FOR_TARGET_37)",
					"$(LIBRARY_SEARCH_PATHS_QUOTED_FOR_TARGET_38)",
					"$(LIBRARY_SEARCH_PATHS_QUOTED_FOR_TARGET_39)",
					"$(LIBRARY_SEARCH_PATHS_QUOTED_FOR_TARGET_40)",
					"$(LIBRARY_SEARCH_PATHS_QUOTED_FOR_TARGET_41)",
					"$(LIBRARY_SEARCH_PATHS_QUOTED_FOR_TARGET_42)",
					"$(LIBRARY_SEARCH_PATHS_QUOTED_FOR_TARGET_43)",
					"$(LIBRARY_SEARCH_PATHS_QUOTED_FOR_TARGET_44)",
					"$(LIBRARY_SEARCH_PATHS_QUOTED_FOR_TARGET_45)",
					"$(LIBRARY_SEARCH_PATHS_QUOTED_FOR_TARGET_46)",
					"$(LIBRARY_SEARCH_PATHS_QUOTED_FOR_TARGET_47)",
					"$(LIBRARY_SEARCH_PATHS_QUOTED_FOR_TARGET_48)",
					"$(LIBRARY_SEARCH_PATHS_QUOTED_FOR_TARGET_49)",
					"$(LIBRARY_SEARCH_PATHS_QUOTED_FOR_TARGET_50)",
					"$(LIBRARY_SEARCH_PATHS_QUOTED_FOR_TARGET_51)",
					"$(LIBRARY_SEARCH_PATHS_QUOTED_FOR_TARGET_52)",
					"$(LIBRARY_SEARCH_PATHS_QUOTED_FOR_TARGET_1)",
					"$(LIBRARY_SEARCH_PATHS_QUOTED_FOR_TARGET_2)",
					"$(LIBRARY_SEARCH_PATHS_QUOTED_FOR_TARGET_3)",
					"$(LIBRARY_SEARCH_PATHS_QUOTED_FOR_TARGET_4)",
				);
				LIBRARY_SEARCH_PATHS_QUOTED_FOR_TARGET_1 = "\"$(SRCROOT)/../../../addons/ofxKinect/libs/libfreenect/lib/vs2010\"";
				LIBRARY_SEARCH_PATHS_QUOTED_FOR_TARGET_2 = "\"$(SRCROOT)/../../../addons/ofxKinect/libs/libusb/osx/libs\"";
				LIBRARY_SEARCH_PATHS_QUOTED_FOR_TARGET_3 = "\"$(SRCROOT)/../../../addons/ofxOsc/libs/oscpack/lib/osx\"";
				LIBRARY_SEARCH_PATHS_QUOTED_FOR_TARGET_4 = "\"$(SRCROOT)/../../../addons/ofxOpenCv/libs/opencv/lib/osx\"";
				PREBINDING = NO;
				PRODUCT_NAME = WailWellDebug;
				SDKROOT = "$(DEVELOPER_SDK_DIR)/MacOSX10.6.sdk";
				WRAPPER_EXTENSION = app;
			};
			name = Debug;
		};
		E4B69B610A3A1757003C02F2 /* Release */ = {
			isa = XCBuildConfiguration;
			buildSettings = {
				ARCHS = "$(ARCHS_STANDARD_32_BIT_PRE_XCODE_3_1)";
				ARCHS_STANDARD_32_BIT_PRE_XCODE_3_1 = "ppc i386";
				COPY_PHASE_STRIP = YES;
				FRAMEWORK_SEARCH_PATHS = (
					"$(inherited)",
					"$(FRAMEWORK_SEARCH_PATHS_QUOTED_FOR_TARGET_1)",
				);
				FRAMEWORK_SEARCH_PATHS_QUOTED_FOR_TARGET_1 = "\"$(SRCROOT)/../../../libs/glut/lib/osx\"";
				GCC_ENABLE_FIX_AND_CONTINUE = NO;
				GCC_GENERATE_DEBUGGING_SYMBOLS = NO;
				GCC_MODEL_TUNING = G4;
				GCC_PRECOMPILE_PREFIX_HEADER = YES;
				GCC_PREFIX_HEADER = "$(SYSTEM_LIBRARY_DIR)/Frameworks/Carbon.framework/Headers/Carbon.h";
				INFOPLIST_FILE = "openFrameworks-Info.plist";
				INSTALL_PATH = "$(HOME)/Applications";
				LIBRARY_SEARCH_PATHS = (
					"$(inherited)",
					"$(LIBRARY_SEARCH_PATHS_QUOTED_FOR_TARGET_1)",
					"$(LIBRARY_SEARCH_PATHS_QUOTED_FOR_TARGET_2)",
					"$(LIBRARY_SEARCH_PATHS_QUOTED_FOR_TARGET_3)",
					"$(LIBRARY_SEARCH_PATHS_QUOTED_FOR_TARGET_4)",
					"$(LIBRARY_SEARCH_PATHS_QUOTED_FOR_TARGET_5)",
					"$(LIBRARY_SEARCH_PATHS_QUOTED_FOR_TARGET_6)",
					"$(LIBRARY_SEARCH_PATHS_QUOTED_FOR_TARGET_7)",
					"$(LIBRARY_SEARCH_PATHS_QUOTED_FOR_TARGET_8)",
					"$(LIBRARY_SEARCH_PATHS_QUOTED_FOR_TARGET_9)",
					"$(LIBRARY_SEARCH_PATHS_QUOTED_FOR_TARGET_10)",
					"$(LIBRARY_SEARCH_PATHS_QUOTED_FOR_TARGET_11)",
					"$(LIBRARY_SEARCH_PATHS_QUOTED_FOR_TARGET_12)",
					"$(LIBRARY_SEARCH_PATHS_QUOTED_FOR_TARGET_13)",
					"$(LIBRARY_SEARCH_PATHS_QUOTED_FOR_TARGET_14)",
					"$(LIBRARY_SEARCH_PATHS_QUOTED_FOR_TARGET_15)",
					"$(LIBRARY_SEARCH_PATHS_QUOTED_FOR_TARGET_2)",
					"$(LIBRARY_SEARCH_PATHS_QUOTED_1)",
					"$(LIBRARY_SEARCH_PATHS_QUOTED_FOR_TARGET_3)",
					"$(LIBRARY_SEARCH_PATHS_QUOTED_FOR_TARGET_7)",
					"$(LIBRARY_SEARCH_PATHS_QUOTED_FOR_TARGET_8)",
					"$(LIBRARY_SEARCH_PATHS_QUOTED_FOR_TARGET_9)",
					"$(LIBRARY_SEARCH_PATHS_QUOTED_FOR_TARGET_10)",
					"$(LIBRARY_SEARCH_PATHS_QUOTED_FOR_TARGET_11)",
					"$(LIBRARY_SEARCH_PATHS_QUOTED_FOR_TARGET_12)",
					"$(LIBRARY_SEARCH_PATHS_QUOTED_FOR_TARGET_13)",
					"$(LIBRARY_SEARCH_PATHS_QUOTED_FOR_TARGET_16)",
					"$(LIBRARY_SEARCH_PATHS_QUOTED_FOR_TARGET_17)",
					"$(LIBRARY_SEARCH_PATHS_QUOTED_FOR_TARGET_18)",
					"$(LIBRARY_SEARCH_PATHS_QUOTED_FOR_TARGET_19)",
					"$(LIBRARY_SEARCH_PATHS_QUOTED_FOR_TARGET_20)",
					"$(LIBRARY_SEARCH_PATHS_QUOTED_FOR_TARGET_21)",
					"$(LIBRARY_SEARCH_PATHS_QUOTED_FOR_TARGET_22)",
					"$(LIBRARY_SEARCH_PATHS_QUOTED_FOR_TARGET_23)",
					"$(LIBRARY_SEARCH_PATHS_QUOTED_FOR_TARGET_24)",
					"$(LIBRARY_SEARCH_PATHS_QUOTED_FOR_TARGET_25)",
					"$(LIBRARY_SEARCH_PATHS_QUOTED_FOR_TARGET_26)",
					"$(LIBRARY_SEARCH_PATHS_QUOTED_FOR_TARGET_27)",
					"$(LIBRARY_SEARCH_PATHS_QUOTED_FOR_TARGET_28)",
					"$(LIBRARY_SEARCH_PATHS_QUOTED_FOR_TARGET_29)",
					"$(LIBRARY_SEARCH_PATHS_QUOTED_FOR_TARGET_30)",
					"$(LIBRARY_SEARCH_PATHS_QUOTED_FOR_TARGET_31)",
					"$(LIBRARY_SEARCH_PATHS_QUOTED_FOR_TARGET_32)",
					"$(LIBRARY_SEARCH_PATHS_QUOTED_FOR_TARGET_33)",
					"$(LIBRARY_SEARCH_PATHS_QUOTED_FOR_TARGET_34)",
					"$(LIBRARY_SEARCH_PATHS_QUOTED_FOR_TARGET_35)",
					"$(LIBRARY_SEARCH_PATHS_QUOTED_FOR_TARGET_36)",
					"$(LIBRARY_SEARCH_PATHS_QUOTED_FOR_TARGET_37)",
					"$(LIBRARY_SEARCH_PATHS_QUOTED_FOR_TARGET_38)",
					"$(LIBRARY_SEARCH_PATHS_QUOTED_FOR_TARGET_39)",
					"$(LIBRARY_SEARCH_PATHS_QUOTED_FOR_TARGET_40)",
					"$(LIBRARY_SEARCH_PATHS_QUOTED_FOR_TARGET_41)",
					"$(LIBRARY_SEARCH_PATHS_QUOTED_FOR_TARGET_42)",
					"$(LIBRARY_SEARCH_PATHS_QUOTED_FOR_TARGET_43)",
					"$(LIBRARY_SEARCH_PATHS_QUOTED_FOR_TARGET_44)",
					"$(LIBRARY_SEARCH_PATHS_QUOTED_FOR_TARGET_45)",
					"$(LIBRARY_SEARCH_PATHS_QUOTED_FOR_TARGET_46)",
					"$(LIBRARY_SEARCH_PATHS_QUOTED_FOR_TARGET_47)",
					"$(LIBRARY_SEARCH_PATHS_QUOTED_FOR_TARGET_48)",
					"$(LIBRARY_SEARCH_PATHS_QUOTED_FOR_TARGET_49)",
					"$(LIBRARY_SEARCH_PATHS_QUOTED_FOR_TARGET_50)",
					"$(LIBRARY_SEARCH_PATHS_QUOTED_FOR_TARGET_51)",
					"$(LIBRARY_SEARCH_PATHS_QUOTED_FOR_TARGET_1)",
					"$(LIBRARY_SEARCH_PATHS_QUOTED_FOR_TARGET_2)",
					"$(LIBRARY_SEARCH_PATHS_QUOTED_FOR_TARGET_3)",
					"$(LIBRARY_SEARCH_PATHS_QUOTED_FOR_TARGET_4)",
				);
				LIBRARY_SEARCH_PATHS_QUOTED_FOR_TARGET_1 = "\"$(SRCROOT)/../../../addons/ofxKinect/libs/libfreenect/lib/vs2010\"";
				LIBRARY_SEARCH_PATHS_QUOTED_FOR_TARGET_2 = "\"$(SRCROOT)/../../../addons/ofxKinect/libs/libusb/osx/libs\"";
				LIBRARY_SEARCH_PATHS_QUOTED_FOR_TARGET_3 = "\"$(SRCROOT)/../../../addons/ofxOsc/libs/oscpack/lib/osx\"";
				LIBRARY_SEARCH_PATHS_QUOTED_FOR_TARGET_4 = "\"$(SRCROOT)/../../../addons/ofxOpenCv/libs/opencv/lib/osx\"";
				PREBINDING = NO;
				PRODUCT_NAME = WailWell;
				SDKROOT = "$(DEVELOPER_SDK_DIR)/MacOSX10.6.sdk";
				WRAPPER_EXTENSION = app;
			};
			name = Release;
		};
/* End XCBuildConfiguration section */

/* Begin XCConfigurationList section */
		E4B69B4D0A3A1720003C02F2 /* Build configuration list for PBXProject "WailWell" */ = {
			isa = XCConfigurationList;
			buildConfigurations = (
				E4B69B4E0A3A1720003C02F2 /* Debug */,
				E4B69B4F0A3A1720003C02F2 /* Release */,
			);
			defaultConfigurationIsVisible = 0;
			defaultConfigurationName = Release;
		};
		E4B69B5F0A3A1757003C02F2 /* Build configuration list for PBXNativeTarget "WailWell" */ = {
			isa = XCConfigurationList;
			buildConfigurations = (
				E4B69B600A3A1757003C02F2 /* Debug */,
				E4B69B610A3A1757003C02F2 /* Release */,
			);
			defaultConfigurationIsVisible = 0;
			defaultConfigurationName = Release;
		};
/* End XCConfigurationList section */
	};
	rootObject = E4B69B4C0A3A1720003C02F2 /* Project object */;
}
